// !$*UTF8*$!
{
	archiveVersion = 1;
	classes = {
	};
	objectVersion = 50;
	objects = {

/* Begin PBXBuildFile section */
		D931858124421E7D0050F059 /* SpacersView.swift in Sources */ = {isa = PBXBuildFile; fileRef = D931858024421E7D0050F059 /* SpacersView.swift */; };
		D9318583244223770050F059 /* ZStacksView.swift in Sources */ = {isa = PBXBuildFile; fileRef = D9318582244223770050F059 /* ZStacksView.swift */; };
		D9318586244226120050F059 /* ReturDifferentsTypesView.swift in Sources */ = {isa = PBXBuildFile; fileRef = D9318585244226120050F059 /* ReturDifferentsTypesView.swift */; };
		D9318588244227860050F059 /* ForEachOfCreateView.swift in Sources */ = {isa = PBXBuildFile; fileRef = D9318587244227860050F059 /* ForEachOfCreateView.swift */; };
		D931858A24422B370050F059 /* DifferentsLayoutUsingSizeClasses.swift in Sources */ = {isa = PBXBuildFile; fileRef = D931858924422B370050F059 /* DifferentsLayoutUsingSizeClasses.swift */; };
		D931858C24422CC30050F059 /* CustomFrameView.swift in Sources */ = {isa = PBXBuildFile; fileRef = D931858B24422CC30050F059 /* CustomFrameView.swift */; };
		D931858E24422DFD0050F059 /* GeometryReaderView.swift in Sources */ = {isa = PBXBuildFile; fileRef = D931858D24422DFD0050F059 /* GeometryReaderView.swift */; };
		D93185902442311F0050F059 /* IgnoreSafeAreaView.swift in Sources */ = {isa = PBXBuildFile; fileRef = D931858F2442311F0050F059 /* IgnoreSafeAreaView.swift */; };
		D93185932442385B0050F059 /* VerticalScrollView.swift in Sources */ = {isa = PBXBuildFile; fileRef = D93185922442385B0050F059 /* VerticalScrollView.swift */; };
		D9318595244238C00050F059 /* HorizontalScrollView.swift in Sources */ = {isa = PBXBuildFile; fileRef = D9318594244238C00050F059 /* HorizontalScrollView.swift */; };
		D931859824423A760050F059 /* CoverFlowEffectView.swift in Sources */ = {isa = PBXBuildFile; fileRef = D931859724423A760050F059 /* CoverFlowEffectView.swift */; };
		D931859A244246900050F059 /* DragGestureView.swift in Sources */ = {isa = PBXBuildFile; fileRef = D9318599244246900050F059 /* DragGestureView.swift */; };
		D931859D24438E5C0050F059 /* GridStackView.swift in Sources */ = {isa = PBXBuildFile; fileRef = D931859C24438E5C0050F059 /* GridStackView.swift */; };
		D93185A2244392D00050F059 /* ToggleSwitchView.swift in Sources */ = {isa = PBXBuildFile; fileRef = D93185A1244392D00050F059 /* ToggleSwitchView.swift */; };
		D93185A5244393DB0050F059 /* TappableButtonView.swift in Sources */ = {isa = PBXBuildFile; fileRef = D93185A4244393DB0050F059 /* TappableButtonView.swift */; };
		D93185A7244395420050F059 /* DisableOverlaycolorForImagesView.swift in Sources */ = {isa = PBXBuildFile; fileRef = D93185A6244395420050F059 /* DisableOverlaycolorForImagesView.swift */; };
		D93185AA244396F70050F059 /* ReadTextFieldView.swift in Sources */ = {isa = PBXBuildFile; fileRef = D93185A9244396F60050F059 /* ReadTextFieldView.swift */; };
		D93185AD2443985F0050F059 /* TextFieldBorderedView.swift in Sources */ = {isa = PBXBuildFile; fileRef = D93185AC2443985F0050F059 /* TextFieldBorderedView.swift */; };
		D93185AF244398A60050F059 /* SecureTextFieldView.swift in Sources */ = {isa = PBXBuildFile; fileRef = D93185AE244398A60050F059 /* SecureTextFieldView.swift */; };
		D93185B32444BD850050F059 /* ReadSliderView.swift in Sources */ = {isa = PBXBuildFile; fileRef = D93185B22444BD850050F059 /* ReadSliderView.swift */; };
		D93185B62444BF030050F059 /* ReadFromPicker.swift in Sources */ = {isa = PBXBuildFile; fileRef = D93185B52444BF030050F059 /* ReadFromPicker.swift */; };
		D93185B92444C0230050F059 /* ReadFromDatePicker.swift in Sources */ = {isa = PBXBuildFile; fileRef = D93185B82444C0230050F059 /* ReadFromDatePicker.swift */; };
		D93185BC2444C1E70050F059 /* ReadFromSegmentControl.swift in Sources */ = {isa = PBXBuildFile; fileRef = D93185BB2444C1E70050F059 /* ReadFromSegmentControl.swift */; };
		D93185BF2444C2F90050F059 /* ReadFromStepper.swift in Sources */ = {isa = PBXBuildFile; fileRef = D93185BE2444C2F90050F059 /* ReadFromStepper.swift */; };
		D9D7E7DB2441CBF80030643A /* AppDelegate.swift in Sources */ = {isa = PBXBuildFile; fileRef = D9D7E7DA2441CBF80030643A /* AppDelegate.swift */; };
		D9D7E7DD2441CBF80030643A /* SceneDelegate.swift in Sources */ = {isa = PBXBuildFile; fileRef = D9D7E7DC2441CBF80030643A /* SceneDelegate.swift */; };
		D9D7E7DF2441CBF80030643A /* ContentView.swift in Sources */ = {isa = PBXBuildFile; fileRef = D9D7E7DE2441CBF80030643A /* ContentView.swift */; };
		D9D7E7E12441CBFC0030643A /* Assets.xcassets in Resources */ = {isa = PBXBuildFile; fileRef = D9D7E7E02441CBFC0030643A /* Assets.xcassets */; };
		D9D7E7E42441CBFC0030643A /* Preview Assets.xcassets in Resources */ = {isa = PBXBuildFile; fileRef = D9D7E7E32441CBFC0030643A /* Preview Assets.xcassets */; };
		D9D7E7E72441CBFC0030643A /* LaunchScreen.storyboard in Resources */ = {isa = PBXBuildFile; fileRef = D9D7E7E52441CBFC0030643A /* LaunchScreen.storyboard */; };
		D9D7E7F02441CFCE0030643A /* TruncateTextsViews.swift in Sources */ = {isa = PBXBuildFile; fileRef = D9D7E7EF2441CFCE0030643A /* TruncateTextsViews.swift */; };
		D9D7E7F22441D08D0030643A /* StyleTextsViews.swift in Sources */ = {isa = PBXBuildFile; fileRef = D9D7E7F12441D08D0030643A /* StyleTextsViews.swift */; };
		D9D7E7F52441D54E0030643A /* DrawImagesView.swift in Sources */ = {isa = PBXBuildFile; fileRef = D9D7E7F42441D54E0030643A /* DrawImagesView.swift */; };
		D9D7E7F72441D8D40030643A /* ScaleImagesView.swift in Sources */ = {isa = PBXBuildFile; fileRef = D9D7E7F62441D8D40030643A /* ScaleImagesView.swift */; };
		D9D7E7F92441D9D90030643A /* TileImagesView.swift in Sources */ = {isa = PBXBuildFile; fileRef = D9D7E7F82441D9D90030643A /* TileImagesView.swift */; };
		D9D7E7FC2441DB1F0030643A /* RenderGradientView.swift in Sources */ = {isa = PBXBuildFile; fileRef = D9D7E7FB2441DB1F0030643A /* RenderGradientView.swift */; };
		D9D7E7FF244217520030643A /* SolidShapesView.swift in Sources */ = {isa = PBXBuildFile; fileRef = D9D7E7FE244217520030643A /* SolidShapesView.swift */; };
		D9D7E802244219960030643A /* BackgroundsViews.swift in Sources */ = {isa = PBXBuildFile; fileRef = D9D7E801244219960030643A /* BackgroundsViews.swift */; };
		D9D7E80524421B940030643A /* AlignmentStacksView.swift in Sources */ = {isa = PBXBuildFile; fileRef = D9D7E80424421B940030643A /* AlignmentStacksView.swift */; };
		D9D7E80824421CED0030643A /* PaddingsView.swift in Sources */ = {isa = PBXBuildFile; fileRef = D9D7E80724421CED0030643A /* PaddingsView.swift */; };
/* End PBXBuildFile section */

/* Begin PBXFileReference section */
		D931858024421E7D0050F059 /* SpacersView.swift */ = {isa = PBXFileReference; lastKnownFileType = sourcecode.swift; path = SpacersView.swift; sourceTree = "<group>"; };
		D9318582244223770050F059 /* ZStacksView.swift */ = {isa = PBXFileReference; lastKnownFileType = sourcecode.swift; path = ZStacksView.swift; sourceTree = "<group>"; };
		D9318585244226120050F059 /* ReturDifferentsTypesView.swift */ = {isa = PBXFileReference; lastKnownFileType = sourcecode.swift; path = ReturDifferentsTypesView.swift; sourceTree = "<group>"; };
		D9318587244227860050F059 /* ForEachOfCreateView.swift */ = {isa = PBXFileReference; lastKnownFileType = sourcecode.swift; path = ForEachOfCreateView.swift; sourceTree = "<group>"; };
		D931858924422B370050F059 /* DifferentsLayoutUsingSizeClasses.swift */ = {isa = PBXFileReference; lastKnownFileType = sourcecode.swift; path = DifferentsLayoutUsingSizeClasses.swift; sourceTree = "<group>"; };
		D931858B24422CC30050F059 /* CustomFrameView.swift */ = {isa = PBXFileReference; lastKnownFileType = sourcecode.swift; path = CustomFrameView.swift; sourceTree = "<group>"; };
		D931858D24422DFD0050F059 /* GeometryReaderView.swift */ = {isa = PBXFileReference; lastKnownFileType = sourcecode.swift; path = GeometryReaderView.swift; sourceTree = "<group>"; };
		D931858F2442311F0050F059 /* IgnoreSafeAreaView.swift */ = {isa = PBXFileReference; lastKnownFileType = sourcecode.swift; path = IgnoreSafeAreaView.swift; sourceTree = "<group>"; };
		D93185922442385B0050F059 /* VerticalScrollView.swift */ = {isa = PBXFileReference; lastKnownFileType = sourcecode.swift; path = VerticalScrollView.swift; sourceTree = "<group>"; };
		D9318594244238C00050F059 /* HorizontalScrollView.swift */ = {isa = PBXFileReference; lastKnownFileType = sourcecode.swift; path = HorizontalScrollView.swift; sourceTree = "<group>"; };
		D931859724423A760050F059 /* CoverFlowEffectView.swift */ = {isa = PBXFileReference; lastKnownFileType = sourcecode.swift; path = CoverFlowEffectView.swift; sourceTree = "<group>"; };
		D9318599244246900050F059 /* DragGestureView.swift */ = {isa = PBXFileReference; lastKnownFileType = sourcecode.swift; path = DragGestureView.swift; sourceTree = "<group>"; };
		D931859C24438E5C0050F059 /* GridStackView.swift */ = {isa = PBXFileReference; lastKnownFileType = sourcecode.swift; path = GridStackView.swift; sourceTree = "<group>"; };
		D93185A1244392D00050F059 /* ToggleSwitchView.swift */ = {isa = PBXFileReference; lastKnownFileType = sourcecode.swift; path = ToggleSwitchView.swift; sourceTree = "<group>"; };
		D93185A4244393DB0050F059 /* TappableButtonView.swift */ = {isa = PBXFileReference; lastKnownFileType = sourcecode.swift; path = TappableButtonView.swift; sourceTree = "<group>"; };
		D93185A6244395420050F059 /* DisableOverlaycolorForImagesView.swift */ = {isa = PBXFileReference; lastKnownFileType = sourcecode.swift; path = DisableOverlaycolorForImagesView.swift; sourceTree = "<group>"; };
		D93185A9244396F60050F059 /* ReadTextFieldView.swift */ = {isa = PBXFileReference; lastKnownFileType = sourcecode.swift; path = ReadTextFieldView.swift; sourceTree = "<group>"; };
		D93185AC2443985F0050F059 /* TextFieldBorderedView.swift */ = {isa = PBXFileReference; lastKnownFileType = sourcecode.swift; path = TextFieldBorderedView.swift; sourceTree = "<group>"; };
		D93185AE244398A60050F059 /* SecureTextFieldView.swift */ = {isa = PBXFileReference; lastKnownFileType = sourcecode.swift; path = SecureTextFieldView.swift; sourceTree = "<group>"; };
		D93185B22444BD850050F059 /* ReadSliderView.swift */ = {isa = PBXFileReference; lastKnownFileType = sourcecode.swift; path = ReadSliderView.swift; sourceTree = "<group>"; };
		D93185B52444BF030050F059 /* ReadFromPicker.swift */ = {isa = PBXFileReference; lastKnownFileType = sourcecode.swift; path = ReadFromPicker.swift; sourceTree = "<group>"; };
		D93185B82444C0230050F059 /* ReadFromDatePicker.swift */ = {isa = PBXFileReference; lastKnownFileType = sourcecode.swift; path = ReadFromDatePicker.swift; sourceTree = "<group>"; };
		D93185BB2444C1E70050F059 /* ReadFromSegmentControl.swift */ = {isa = PBXFileReference; lastKnownFileType = sourcecode.swift; path = ReadFromSegmentControl.swift; sourceTree = "<group>"; };
		D93185BE2444C2F90050F059 /* ReadFromStepper.swift */ = {isa = PBXFileReference; lastKnownFileType = sourcecode.swift; path = ReadFromStepper.swift; sourceTree = "<group>"; };
		D9D7E7D72441CBF80030643A /* playWithSwiftUIControls.app */ = {isa = PBXFileReference; explicitFileType = wrapper.application; includeInIndex = 0; path = playWithSwiftUIControls.app; sourceTree = BUILT_PRODUCTS_DIR; };
		D9D7E7DA2441CBF80030643A /* AppDelegate.swift */ = {isa = PBXFileReference; lastKnownFileType = sourcecode.swift; path = AppDelegate.swift; sourceTree = "<group>"; };
		D9D7E7DC2441CBF80030643A /* SceneDelegate.swift */ = {isa = PBXFileReference; lastKnownFileType = sourcecode.swift; path = SceneDelegate.swift; sourceTree = "<group>"; };
		D9D7E7DE2441CBF80030643A /* ContentView.swift */ = {isa = PBXFileReference; lastKnownFileType = sourcecode.swift; path = ContentView.swift; sourceTree = "<group>"; };
		D9D7E7E02441CBFC0030643A /* Assets.xcassets */ = {isa = PBXFileReference; lastKnownFileType = folder.assetcatalog; path = Assets.xcassets; sourceTree = "<group>"; };
		D9D7E7E32441CBFC0030643A /* Preview Assets.xcassets */ = {isa = PBXFileReference; lastKnownFileType = folder.assetcatalog; path = "Preview Assets.xcassets"; sourceTree = "<group>"; };
		D9D7E7E62441CBFC0030643A /* Base */ = {isa = PBXFileReference; lastKnownFileType = file.storyboard; name = Base; path = Base.lproj/LaunchScreen.storyboard; sourceTree = "<group>"; };
		D9D7E7E82441CBFC0030643A /* Info.plist */ = {isa = PBXFileReference; lastKnownFileType = text.plist.xml; path = Info.plist; sourceTree = "<group>"; };
		D9D7E7EF2441CFCE0030643A /* TruncateTextsViews.swift */ = {isa = PBXFileReference; lastKnownFileType = sourcecode.swift; path = TruncateTextsViews.swift; sourceTree = "<group>"; };
		D9D7E7F12441D08D0030643A /* StyleTextsViews.swift */ = {isa = PBXFileReference; lastKnownFileType = sourcecode.swift; path = StyleTextsViews.swift; sourceTree = "<group>"; };
		D9D7E7F42441D54E0030643A /* DrawImagesView.swift */ = {isa = PBXFileReference; lastKnownFileType = sourcecode.swift; path = DrawImagesView.swift; sourceTree = "<group>"; };
		D9D7E7F62441D8D40030643A /* ScaleImagesView.swift */ = {isa = PBXFileReference; lastKnownFileType = sourcecode.swift; path = ScaleImagesView.swift; sourceTree = "<group>"; };
		D9D7E7F82441D9D90030643A /* TileImagesView.swift */ = {isa = PBXFileReference; lastKnownFileType = sourcecode.swift; path = TileImagesView.swift; sourceTree = "<group>"; };
		D9D7E7FB2441DB1F0030643A /* RenderGradientView.swift */ = {isa = PBXFileReference; lastKnownFileType = sourcecode.swift; path = RenderGradientView.swift; sourceTree = "<group>"; };
		D9D7E7FE244217520030643A /* SolidShapesView.swift */ = {isa = PBXFileReference; lastKnownFileType = sourcecode.swift; path = SolidShapesView.swift; sourceTree = "<group>"; };
		D9D7E801244219960030643A /* BackgroundsViews.swift */ = {isa = PBXFileReference; lastKnownFileType = sourcecode.swift; path = BackgroundsViews.swift; sourceTree = "<group>"; };
		D9D7E80424421B940030643A /* AlignmentStacksView.swift */ = {isa = PBXFileReference; lastKnownFileType = sourcecode.swift; path = AlignmentStacksView.swift; sourceTree = "<group>"; };
		D9D7E80724421CED0030643A /* PaddingsView.swift */ = {isa = PBXFileReference; lastKnownFileType = sourcecode.swift; path = PaddingsView.swift; sourceTree = "<group>"; };
/* End PBXFileReference section */

/* Begin PBXFrameworksBuildPhase section */
		D9D7E7D42441CBF80030643A /* Frameworks */ = {
			isa = PBXFrameworksBuildPhase;
			buildActionMask = 2147483647;
			files = (
			);
			runOnlyForDeploymentPostprocessing = 0;
		};
/* End PBXFrameworksBuildPhase section */

/* Begin PBXGroup section */
		D931857E24421E260050F059 /* Paddings */ = {
			isa = PBXGroup;
			children = (
				D9D7E80724421CED0030643A /* PaddingsView.swift */,
			);
			path = Paddings;
			sourceTree = "<group>";
		};
		D931857F24421E630050F059 /* Spacers */ = {
			isa = PBXGroup;
			children = (
				D931858024421E7D0050F059 /* SpacersView.swift */,
			);
			path = Spacers;
			sourceTree = "<group>";
		};
		D9318584244225E20050F059 /* Views */ = {
			isa = PBXGroup;
			children = (
				D9318585244226120050F059 /* ReturDifferentsTypesView.swift */,
				D9318587244227860050F059 /* ForEachOfCreateView.swift */,
				D931858924422B370050F059 /* DifferentsLayoutUsingSizeClasses.swift */,
				D931858B24422CC30050F059 /* CustomFrameView.swift */,
				D931858D24422DFD0050F059 /* GeometryReaderView.swift */,
				D931858F2442311F0050F059 /* IgnoreSafeAreaView.swift */,
			);
			path = Views;
			sourceTree = "<group>";
		};
		D93185912442382A0050F059 /* ScrollView */ = {
			isa = PBXGroup;
			children = (
				D93185922442385B0050F059 /* VerticalScrollView.swift */,
				D9318594244238C00050F059 /* HorizontalScrollView.swift */,
			);
			path = ScrollView;
			sourceTree = "<group>";
		};
		D931859624423A5A0050F059 /* Effects */ = {
			isa = PBXGroup;
			children = (
				D931859724423A760050F059 /* CoverFlowEffectView.swift */,
				D9318599244246900050F059 /* DragGestureView.swift */,
			);
			path = Effects;
			sourceTree = "<group>";
		};
		D931859B24438E3D0050F059 /* GridView */ = {
			isa = PBXGroup;
			children = (
				D931859C24438E5C0050F059 /* GridStackView.swift */,
			);
			path = GridView;
			sourceTree = "<group>";
		};
		D931859E244392860050F059 /* Layouts */ = {
			isa = PBXGroup;
			children = (
				D9D7E7EE2441CFB10030643A /* Text */,
				D9D7E7F32441D52C0030643A /* Images */,
				D9D7E7FA2441DB000030643A /* Gradient */,
				D9D7E7FD2442173E0030643A /* Shapes */,
				D9D7E800244219760030643A /* Backgrounds */,
				D9D7E80324421B640030643A /* StacksView */,
				D931857E24421E260050F059 /* Paddings */,
				D931857F24421E630050F059 /* Spacers */,
				D9318584244225E20050F059 /* Views */,
				D93185912442382A0050F059 /* ScrollView */,
				D931859624423A5A0050F059 /* Effects */,
				D931859B24438E3D0050F059 /* GridView */,
				D93185AB2443983E0050F059 /* TextFields */,
			);
			path = Layouts;
			sourceTree = "<group>";
		};
		D931859F2443929E0050F059 /* Events */ = {
			isa = PBXGroup;
			children = (
				D93185B02444BD4B0050F059 /* Read */,
				D93185A0244392A80050F059 /* Toggle Switch */,
				D93185A3244393CA0050F059 /* Tappable Button */,
			);
			path = Events;
			sourceTree = "<group>";
		};
		D93185A0244392A80050F059 /* Toggle Switch */ = {
			isa = PBXGroup;
			children = (
				D93185A1244392D00050F059 /* ToggleSwitchView.swift */,
			);
			path = "Toggle Switch";
			sourceTree = "<group>";
		};
		D93185A3244393CA0050F059 /* Tappable Button */ = {
			isa = PBXGroup;
			children = (
				D93185A4244393DB0050F059 /* TappableButtonView.swift */,
			);
			path = "Tappable Button";
			sourceTree = "<group>";
		};
		D93185A8244396D40050F059 /* TextField */ = {
			isa = PBXGroup;
			children = (
				D93185A9244396F60050F059 /* ReadTextFieldView.swift */,
			);
			path = TextField;
			sourceTree = "<group>";
		};
		D93185AB2443983E0050F059 /* TextFields */ = {
			isa = PBXGroup;
			children = (
				D93185AC2443985F0050F059 /* TextFieldBorderedView.swift */,
				D93185AE244398A60050F059 /* SecureTextFieldView.swift */,
			);
			path = TextFields;
			sourceTree = "<group>";
		};
		D93185B02444BD4B0050F059 /* Read */ = {
			isa = PBXGroup;
			children = (
				D93185A8244396D40050F059 /* TextField */,
				D93185B12444BD6D0050F059 /* Slider */,
				D93185B42444BEF10050F059 /* Picker */,
				D93185B72444C00F0050F059 /* DatePicker */,
				D93185BA2444C1D00050F059 /* Segment Control */,
				D93185BD2444C2E40050F059 /* Stepper */,
			);
			path = Read;
			sourceTree = "<group>";
		};
		D93185B12444BD6D0050F059 /* Slider */ = {
			isa = PBXGroup;
			children = (
				D93185B22444BD850050F059 /* ReadSliderView.swift */,
			);
			path = Slider;
			sourceTree = "<group>";
		};
		D93185B42444BEF10050F059 /* Picker */ = {
			isa = PBXGroup;
			children = (
				D93185B52444BF030050F059 /* ReadFromPicker.swift */,
			);
			path = Picker;
			sourceTree = "<group>";
		};
		D93185B72444C00F0050F059 /* DatePicker */ = {
			isa = PBXGroup;
			children = (
				D93185B82444C0230050F059 /* ReadFromDatePicker.swift */,
			);
			path = DatePicker;
			sourceTree = "<group>";
		};
		D93185BA2444C1D00050F059 /* Segment Control */ = {
			isa = PBXGroup;
			children = (
				D93185BB2444C1E70050F059 /* ReadFromSegmentControl.swift */,
			);
			path = "Segment Control";
			sourceTree = "<group>";
		};
		D93185BD2444C2E40050F059 /* Stepper */ = {
			isa = PBXGroup;
			children = (
				D93185BE2444C2F90050F059 /* ReadFromStepper.swift */,
			);
			path = Stepper;
			sourceTree = "<group>";
		};
		D9D7E7CE2441CBF80030643A = {
			isa = PBXGroup;
			children = (
				D9D7E7D92441CBF80030643A /* playWithSwiftUIControls */,
				D9D7E7D82441CBF80030643A /* Products */,
			);
			sourceTree = "<group>";
		};
		D9D7E7D82441CBF80030643A /* Products */ = {
			isa = PBXGroup;
			children = (
				D9D7E7D72441CBF80030643A /* playWithSwiftUIControls.app */,
			);
			name = Products;
			sourceTree = "<group>";
		};
		D9D7E7D92441CBF80030643A /* playWithSwiftUIControls */ = {
			isa = PBXGroup;
			children = (
				D931859E244392860050F059 /* Layouts */,
				D931859F2443929E0050F059 /* Events */,
				D9D7E7DA2441CBF80030643A /* AppDelegate.swift */,
				D9D7E7DC2441CBF80030643A /* SceneDelegate.swift */,
				D9D7E7DE2441CBF80030643A /* ContentView.swift */,
				D9D7E7E02441CBFC0030643A /* Assets.xcassets */,
				D9D7E7E52441CBFC0030643A /* LaunchScreen.storyboard */,
				D9D7E7E82441CBFC0030643A /* Info.plist */,
				D9D7E7E22441CBFC0030643A /* Preview Content */,
			);
			path = playWithSwiftUIControls;
			sourceTree = "<group>";
		};
		D9D7E7E22441CBFC0030643A /* Preview Content */ = {
			isa = PBXGroup;
			children = (
				D9D7E7E32441CBFC0030643A /* Preview Assets.xcassets */,
			);
			path = "Preview Content";
			sourceTree = "<group>";
		};
		D9D7E7EE2441CFB10030643A /* Text */ = {
			isa = PBXGroup;
			children = (
				D9D7E7EF2441CFCE0030643A /* TruncateTextsViews.swift */,
				D9D7E7F12441D08D0030643A /* StyleTextsViews.swift */,
			);
			path = Text;
			sourceTree = "<group>";
		};
		D9D7E7F32441D52C0030643A /* Images */ = {
			isa = PBXGroup;
			children = (
				D9D7E7F42441D54E0030643A /* DrawImagesView.swift */,
				D9D7E7F62441D8D40030643A /* ScaleImagesView.swift */,
				D9D7E7F82441D9D90030643A /* TileImagesView.swift */,
				D93185A6244395420050F059 /* DisableOverlaycolorForImagesView.swift */,
			);
			path = Images;
			sourceTree = "<group>";
		};
		D9D7E7FA2441DB000030643A /* Gradient */ = {
			isa = PBXGroup;
			children = (
				D9D7E7FB2441DB1F0030643A /* RenderGradientView.swift */,
			);
			path = Gradient;
			sourceTree = "<group>";
		};
		D9D7E7FD2442173E0030643A /* Shapes */ = {
			isa = PBXGroup;
			children = (
				D9D7E7FE244217520030643A /* SolidShapesView.swift */,
			);
			path = Shapes;
			sourceTree = "<group>";
		};
		D9D7E800244219760030643A /* Backgrounds */ = {
			isa = PBXGroup;
			children = (
				D9D7E801244219960030643A /* BackgroundsViews.swift */,
			);
			path = Backgrounds;
			sourceTree = "<group>";
		};
		D9D7E80324421B640030643A /* StacksView */ = {
			isa = PBXGroup;
			children = (
				D9D7E80424421B940030643A /* AlignmentStacksView.swift */,
				D9318582244223770050F059 /* ZStacksView.swift */,
			);
			path = StacksView;
			sourceTree = "<group>";
		};
/* End PBXGroup section */

/* Begin PBXNativeTarget section */
		D9D7E7D62441CBF80030643A /* playWithSwiftUIControls */ = {
			isa = PBXNativeTarget;
			buildConfigurationList = D9D7E7EB2441CBFC0030643A /* Build configuration list for PBXNativeTarget "playWithSwiftUIControls" */;
			buildPhases = (
				D9D7E7D32441CBF80030643A /* Sources */,
				D9D7E7D42441CBF80030643A /* Frameworks */,
				D9D7E7D52441CBF80030643A /* Resources */,
			);
			buildRules = (
			);
			dependencies = (
			);
			name = playWithSwiftUIControls;
			productName = playWithSwiftUIControls;
			productReference = D9D7E7D72441CBF80030643A /* playWithSwiftUIControls.app */;
			productType = "com.apple.product-type.application";
		};
/* End PBXNativeTarget section */

/* Begin PBXProject section */
		D9D7E7CF2441CBF80030643A /* Project object */ = {
			isa = PBXProject;
			attributes = {
				LastSwiftUpdateCheck = 1140;
				LastUpgradeCheck = 1140;
				ORGANIZATIONNAME = Mandaleo;
				TargetAttributes = {
					D9D7E7D62441CBF80030643A = {
						CreatedOnToolsVersion = 11.4;
					};
				};
			};
			buildConfigurationList = D9D7E7D22441CBF80030643A /* Build configuration list for PBXProject "playWithSwiftUIControls" */;
			compatibilityVersion = "Xcode 9.3";
			developmentRegion = en;
			hasScannedForEncodings = 0;
			knownRegions = (
				en,
				Base,
			);
			mainGroup = D9D7E7CE2441CBF80030643A;
			productRefGroup = D9D7E7D82441CBF80030643A /* Products */;
			projectDirPath = "";
			projectRoot = "";
			targets = (
				D9D7E7D62441CBF80030643A /* playWithSwiftUIControls */,
			);
		};
/* End PBXProject section */

/* Begin PBXResourcesBuildPhase section */
		D9D7E7D52441CBF80030643A /* Resources */ = {
			isa = PBXResourcesBuildPhase;
			buildActionMask = 2147483647;
			files = (
				D9D7E7E72441CBFC0030643A /* LaunchScreen.storyboard in Resources */,
				D9D7E7E42441CBFC0030643A /* Preview Assets.xcassets in Resources */,
				D9D7E7E12441CBFC0030643A /* Assets.xcassets in Resources */,
			);
			runOnlyForDeploymentPostprocessing = 0;
		};
/* End PBXResourcesBuildPhase section */

/* Begin PBXSourcesBuildPhase section */
		D9D7E7D32441CBF80030643A /* Sources */ = {
			isa = PBXSourcesBuildPhase;
			buildActionMask = 2147483647;
			files = (
				D9D7E7FF244217520030643A /* SolidShapesView.swift in Sources */,
				D9D7E7FC2441DB1F0030643A /* RenderGradientView.swift in Sources */,
				D931858124421E7D0050F059 /* SpacersView.swift in Sources */,
				D93185A2244392D00050F059 /* ToggleSwitchView.swift in Sources */,
				D9D7E80824421CED0030643A /* PaddingsView.swift in Sources */,
				D93185B62444BF030050F059 /* ReadFromPicker.swift in Sources */,
				D9D7E7F52441D54E0030643A /* DrawImagesView.swift in Sources */,
				D9318586244226120050F059 /* ReturDifferentsTypesView.swift in Sources */,
				D9D7E80524421B940030643A /* AlignmentStacksView.swift in Sources */,
				D93185AA244396F70050F059 /* ReadTextFieldView.swift in Sources */,
				D9D7E7DB2441CBF80030643A /* AppDelegate.swift in Sources */,
				D93185BF2444C2F90050F059 /* ReadFromStepper.swift in Sources */,
				D931858C24422CC30050F059 /* CustomFrameView.swift in Sources */,
				D931859A244246900050F059 /* DragGestureView.swift in Sources */,
				D931858A24422B370050F059 /* DifferentsLayoutUsingSizeClasses.swift in Sources */,
				D93185B92444C0230050F059 /* ReadFromDatePicker.swift in Sources */,
				D93185A7244395420050F059 /* DisableOverlaycolorForImagesView.swift in Sources */,
				D9D7E7F02441CFCE0030643A /* TruncateTextsViews.swift in Sources */,
				D9318595244238C00050F059 /* HorizontalScrollView.swift in Sources */,
				D9D7E7F72441D8D40030643A /* ScaleImagesView.swift in Sources */,
				D9D7E7DD2441CBF80030643A /* SceneDelegate.swift in Sources */,
				D931858E24422DFD0050F059 /* GeometryReaderView.swift in Sources */,
				D93185902442311F0050F059 /* IgnoreSafeAreaView.swift in Sources */,
				D9318588244227860050F059 /* ForEachOfCreateView.swift in Sources */,
				D9D7E802244219960030643A /* BackgroundsViews.swift in Sources */,
				D93185932442385B0050F059 /* VerticalScrollView.swift in Sources */,
				D931859824423A760050F059 /* CoverFlowEffectView.swift in Sources */,
				D9D7E7F22441D08D0030643A /* StyleTextsViews.swift in Sources */,
				D93185BC2444C1E70050F059 /* ReadFromSegmentControl.swift in Sources */,
				D9D7E7F92441D9D90030643A /* TileImagesView.swift in Sources */,
				D9318583244223770050F059 /* ZStacksView.swift in Sources */,
				D9D7E7DF2441CBF80030643A /* ContentView.swift in Sources */,
				D931859D24438E5C0050F059 /* GridStackView.swift in Sources */,
				D93185AD2443985F0050F059 /* TextFieldBorderedView.swift in Sources */,
				D93185A5244393DB0050F059 /* TappableButtonView.swift in Sources */,
				D93185AF244398A60050F059 /* SecureTextFieldView.swift in Sources */,
				D93185B32444BD850050F059 /* ReadSliderView.swift in Sources */,
			);
			runOnlyForDeploymentPostprocessing = 0;
		};
/* End PBXSourcesBuildPhase section */

/* Begin PBXVariantGroup section */
		D9D7E7E52441CBFC0030643A /* LaunchScreen.storyboard */ = {
			isa = PBXVariantGroup;
			children = (
				D9D7E7E62441CBFC0030643A /* Base */,
			);
			name = LaunchScreen.storyboard;
			sourceTree = "<group>";
		};
/* End PBXVariantGroup section */

/* Begin XCBuildConfiguration section */
		D9D7E7E92441CBFC0030643A /* Debug */ = {
			isa = XCBuildConfiguration;
			buildSettings = {
				ALWAYS_SEARCH_USER_PATHS = NO;
				CLANG_ANALYZER_NONNULL = YES;
				CLANG_ANALYZER_NUMBER_OBJECT_CONVERSION = YES_AGGRESSIVE;
				CLANG_CXX_LANGUAGE_STANDARD = "gnu++14";
				CLANG_CXX_LIBRARY = "libc++";
				CLANG_ENABLE_MODULES = YES;
				CLANG_ENABLE_OBJC_ARC = YES;
				CLANG_ENABLE_OBJC_WEAK = YES;
				CLANG_WARN_BLOCK_CAPTURE_AUTORELEASING = YES;
				CLANG_WARN_BOOL_CONVERSION = YES;
				CLANG_WARN_COMMA = YES;
				CLANG_WARN_CONSTANT_CONVERSION = YES;
				CLANG_WARN_DEPRECATED_OBJC_IMPLEMENTATIONS = YES;
				CLANG_WARN_DIRECT_OBJC_ISA_USAGE = YES_ERROR;
				CLANG_WARN_DOCUMENTATION_COMMENTS = YES;
				CLANG_WARN_EMPTY_BODY = YES;
				CLANG_WARN_ENUM_CONVERSION = YES;
				CLANG_WARN_INFINITE_RECURSION = YES;
				CLANG_WARN_INT_CONVERSION = YES;
				CLANG_WARN_NON_LITERAL_NULL_CONVERSION = YES;
				CLANG_WARN_OBJC_IMPLICIT_RETAIN_SELF = YES;
				CLANG_WARN_OBJC_LITERAL_CONVERSION = YES;
				CLANG_WARN_OBJC_ROOT_CLASS = YES_ERROR;
				CLANG_WARN_RANGE_LOOP_ANALYSIS = YES;
				CLANG_WARN_STRICT_PROTOTYPES = YES;
				CLANG_WARN_SUSPICIOUS_MOVE = YES;
				CLANG_WARN_UNGUARDED_AVAILABILITY = YES_AGGRESSIVE;
				CLANG_WARN_UNREACHABLE_CODE = YES;
				CLANG_WARN__DUPLICATE_METHOD_MATCH = YES;
				COPY_PHASE_STRIP = NO;
				DEBUG_INFORMATION_FORMAT = dwarf;
				ENABLE_STRICT_OBJC_MSGSEND = YES;
				ENABLE_TESTABILITY = YES;
				GCC_C_LANGUAGE_STANDARD = gnu11;
				GCC_DYNAMIC_NO_PIC = NO;
				GCC_NO_COMMON_BLOCKS = YES;
				GCC_OPTIMIZATION_LEVEL = 0;
				GCC_PREPROCESSOR_DEFINITIONS = (
					"DEBUG=1",
					"$(inherited)",
				);
				GCC_WARN_64_TO_32_BIT_CONVERSION = YES;
				GCC_WARN_ABOUT_RETURN_TYPE = YES_ERROR;
				GCC_WARN_UNDECLARED_SELECTOR = YES;
				GCC_WARN_UNINITIALIZED_AUTOS = YES_AGGRESSIVE;
				GCC_WARN_UNUSED_FUNCTION = YES;
				GCC_WARN_UNUSED_VARIABLE = YES;
				IPHONEOS_DEPLOYMENT_TARGET = 13.4;
				MTL_ENABLE_DEBUG_INFO = INCLUDE_SOURCE;
				MTL_FAST_MATH = YES;
				ONLY_ACTIVE_ARCH = YES;
				SDKROOT = iphoneos;
				SWIFT_ACTIVE_COMPILATION_CONDITIONS = DEBUG;
				SWIFT_OPTIMIZATION_LEVEL = "-Onone";
			};
			name = Debug;
		};
		D9D7E7EA2441CBFC0030643A /* Release */ = {
			isa = XCBuildConfiguration;
			buildSettings = {
				ALWAYS_SEARCH_USER_PATHS = NO;
				CLANG_ANALYZER_NONNULL = YES;
				CLANG_ANALYZER_NUMBER_OBJECT_CONVERSION = YES_AGGRESSIVE;
				CLANG_CXX_LANGUAGE_STANDARD = "gnu++14";
				CLANG_CXX_LIBRARY = "libc++";
				CLANG_ENABLE_MODULES = YES;
				CLANG_ENABLE_OBJC_ARC = YES;
				CLANG_ENABLE_OBJC_WEAK = YES;
				CLANG_WARN_BLOCK_CAPTURE_AUTORELEASING = YES;
				CLANG_WARN_BOOL_CONVERSION = YES;
				CLANG_WARN_COMMA = YES;
				CLANG_WARN_CONSTANT_CONVERSION = YES;
				CLANG_WARN_DEPRECATED_OBJC_IMPLEMENTATIONS = YES;
				CLANG_WARN_DIRECT_OBJC_ISA_USAGE = YES_ERROR;
				CLANG_WARN_DOCUMENTATION_COMMENTS = YES;
				CLANG_WARN_EMPTY_BODY = YES;
				CLANG_WARN_ENUM_CONVERSION = YES;
				CLANG_WARN_INFINITE_RECURSION = YES;
				CLANG_WARN_INT_CONVERSION = YES;
				CLANG_WARN_NON_LITERAL_NULL_CONVERSION = YES;
				CLANG_WARN_OBJC_IMPLICIT_RETAIN_SELF = YES;
				CLANG_WARN_OBJC_LITERAL_CONVERSION = YES;
				CLANG_WARN_OBJC_ROOT_CLASS = YES_ERROR;
				CLANG_WARN_RANGE_LOOP_ANALYSIS = YES;
				CLANG_WARN_STRICT_PROTOTYPES = YES;
				CLANG_WARN_SUSPICIOUS_MOVE = YES;
				CLANG_WARN_UNGUARDED_AVAILABILITY = YES_AGGRESSIVE;
				CLANG_WARN_UNREACHABLE_CODE = YES;
				CLANG_WARN__DUPLICATE_METHOD_MATCH = YES;
				COPY_PHASE_STRIP = NO;
				DEBUG_INFORMATION_FORMAT = "dwarf-with-dsym";
				ENABLE_NS_ASSERTIONS = NO;
				ENABLE_STRICT_OBJC_MSGSEND = YES;
				GCC_C_LANGUAGE_STANDARD = gnu11;
				GCC_NO_COMMON_BLOCKS = YES;
				GCC_WARN_64_TO_32_BIT_CONVERSION = YES;
				GCC_WARN_ABOUT_RETURN_TYPE = YES_ERROR;
				GCC_WARN_UNDECLARED_SELECTOR = YES;
				GCC_WARN_UNINITIALIZED_AUTOS = YES_AGGRESSIVE;
				GCC_WARN_UNUSED_FUNCTION = YES;
				GCC_WARN_UNUSED_VARIABLE = YES;
				IPHONEOS_DEPLOYMENT_TARGET = 13.4;
				MTL_ENABLE_DEBUG_INFO = NO;
				MTL_FAST_MATH = YES;
				SDKROOT = iphoneos;
				SWIFT_COMPILATION_MODE = wholemodule;
				SWIFT_OPTIMIZATION_LEVEL = "-O";
				VALIDATE_PRODUCT = YES;
			};
			name = Release;
		};
		D9D7E7EC2441CBFC0030643A /* Debug */ = {
			isa = XCBuildConfiguration;
			buildSettings = {
				ASSETCATALOG_COMPILER_APPICON_NAME = AppIcon;
				CODE_SIGN_STYLE = Automatic;
				DEVELOPMENT_ASSET_PATHS = "\"playWithSwiftUIControls/Preview Content\"";
				DEVELOPMENT_TEAM = BUS8BGZ883;
				ENABLE_PREVIEWS = YES;
				INFOPLIST_FILE = playWithSwiftUIControls/Info.plist;
				LD_RUNPATH_SEARCH_PATHS = (
					"$(inherited)",
					"@executable_path/Frameworks",
				);
				PRODUCT_BUNDLE_IDENTIFIER = com.mandaleo.playWithSwiftUIControls;
				PRODUCT_NAME = "$(TARGET_NAME)";
				SWIFT_VERSION = 5.0;
				TARGETED_DEVICE_FAMILY = "1,2";
			};
			name = Debug;
		};
		D9D7E7ED2441CBFC0030643A /* Release */ = {
			isa = XCBuildConfiguration;
			buildSettings = {
				ASSETCATALOG_COMPILER_APPICON_NAME = AppIcon;
				CODE_SIGN_STYLE = Automatic;
				DEVELOPMENT_ASSET_PATHS = "\"playWithSwiftUIControls/Preview Content\"";
				DEVELOPMENT_TEAM = BUS8BGZ883;
				ENABLE_PREVIEWS = YES;
				INFOPLIST_FILE = playWithSwiftUIControls/Info.plist;
				LD_RUNPATH_SEARCH_PATHS = (
					"$(inherited)",
					"@executable_path/Frameworks",
				);
				PRODUCT_BUNDLE_IDENTIFIER = com.mandaleo.playWithSwiftUIControls;
				PRODUCT_NAME = "$(TARGET_NAME)";
				SWIFT_VERSION = 5.0;
				TARGETED_DEVICE_FAMILY = "1,2";
			};
			name = Release;
		};
/* End XCBuildConfiguration section */

/* Begin XCConfigurationList section */
		D9D7E7D22441CBF80030643A /* Build configuration list for PBXProject "playWithSwiftUIControls" */ = {
			isa = XCConfigurationList;
			buildConfigurations = (
				D9D7E7E92441CBFC0030643A /* Debug */,
				D9D7E7EA2441CBFC0030643A /* Release */,
			);
			defaultConfigurationIsVisible = 0;
			defaultConfigurationName = Release;
		};
		D9D7E7EB2441CBFC0030643A /* Build configuration list for PBXNativeTarget "playWithSwiftUIControls" */ = {
			isa = XCConfigurationList;
			buildConfigurations = (
				D9D7E7EC2441CBFC0030643A /* Debug */,
				D9D7E7ED2441CBFC0030643A /* Release */,
			);
			defaultConfigurationIsVisible = 0;
			defaultConfigurationName = Release;
		};
/* End XCConfigurationList section */
	};
	rootObject = D9D7E7CF2441CBF80030643A /* Project object */;
}
