// !$*UTF8*$!
{
	archiveVersion = 1;
	classes = {
	};
	objectVersion = 50;
	objects = {

/* Begin PBXBuildFile section */
		D9D7E7DB2441CBF80030643A /* AppDelegate.swift in Sources */ = {isa = PBXBuildFile; fileRef = D9D7E7DA2441CBF80030643A /* AppDelegate.swift */; };
		D9D7E7DD2441CBF80030643A /* SceneDelegate.swift in Sources */ = {isa = PBXBuildFile; fileRef = D9D7E7DC2441CBF80030643A /* SceneDelegate.swift */; };
		D9D7E7DF2441CBF80030643A /* ContentView.swift in Sources */ = {isa = PBXBuildFile; fileRef = D9D7E7DE2441CBF80030643A /* ContentView.swift */; };
		D9D7E7E12441CBFC0030643A /* Assets.xcassets in Resources */ = {isa = PBXBuildFile; fileRef = D9D7E7E02441CBFC0030643A /* Assets.xcassets */; };
		D9D7E7E42441CBFC0030643A /* Preview Assets.xcassets in Resources */ = {isa = PBXBuildFile; fileRef = D9D7E7E32441CBFC0030643A /* Preview Assets.xcassets */; };
		D9D7E7E72441CBFC0030643A /* LaunchScreen.storyboard in Resources */ = {isa = PBXBuildFile; fileRef = D9D7E7E52441CBFC0030643A /* LaunchScreen.storyboard */; };
/* End PBXBuildFile section */

/* Begin PBXFileReference section */
		D9D7E7D72441CBF80030643A /* playWithSwiftUIControls.app */ = {isa = PBXFileReference; explicitFileType = wrapper.application; includeInIndex = 0; path = playWithSwiftUIControls.app; sourceTree = BUILT_PRODUCTS_DIR; };
		D9D7E7DA2441CBF80030643A /* AppDelegate.swift */ = {isa = PBXFileReference; lastKnownFileType = sourcecode.swift; path = AppDelegate.swift; sourceTree = "<group>"; };
		D9D7E7DC2441CBF80030643A /* SceneDelegate.swift */ = {isa = PBXFileReference; lastKnownFileType = sourcecode.swift; path = SceneDelegate.swift; sourceTree = "<group>"; };
		D9D7E7DE2441CBF80030643A /* ContentView.swift */ = {isa = PBXFileReference; lastKnownFileType = sourcecode.swift; path = ContentView.swift; sourceTree = "<group>"; };
		D9D7E7E02441CBFC0030643A /* Assets.xcassets */ = {isa = PBXFileReference; lastKnownFileType = folder.assetcatalog; path = Assets.xcassets; sourceTree = "<group>"; };
		D9D7E7E32441CBFC0030643A /* Preview Assets.xcassets */ = {isa = PBXFileReference; lastKnownFileType = folder.assetcatalog; path = "Preview Assets.xcassets"; sourceTree = "<group>"; };
		D9D7E7E62441CBFC0030643A /* Base */ = {isa = PBXFileReference; lastKnownFileType = file.storyboard; name = Base; path = Base.lproj/LaunchScreen.storyboard; sourceTree = "<group>"; };
		D9D7E7E82441CBFC0030643A /* Info.plist */ = {isa = PBXFileReference; lastKnownFileType = text.plist.xml; path = Info.plist; sourceTree = "<group>"; };
/* End PBXFileReference section */

/* Begin PBXFrameworksBuildPhase section */
		D9D7E7D42441CBF80030643A /* Frameworks */ = {
			isa = PBXFrameworksBuildPhase;
			buildActionMask = 2147483647;
			files = (
			);
			runOnlyForDeploymentPostprocessing = 0;
		};
/* End PBXFrameworksBuildPhase section */

/* Begin PBXGroup section */
		D9D7E7CE2441CBF80030643A = {
			isa = PBXGroup;
			children = (
				D9D7E7D92441CBF80030643A /* playWithSwiftUIControls */,
				D9D7E7D82441CBF80030643A /* Products */,
			);
			sourceTree = "<group>";
		};
		D9D7E7D82441CBF80030643A /* Products */ = {
			isa = PBXGroup;
			children = (
				D9D7E7D72441CBF80030643A /* playWithSwiftUIControls.app */,
			);
			name = Products;
			sourceTree = "<group>";
		};
		D9D7E7D92441CBF80030643A /* playWithSwiftUIControls */ = {
			isa = PBXGroup;
			children = (
				D9D7E7DA2441CBF80030643A /* AppDelegate.swift */,
				D9D7E7DC2441CBF80030643A /* SceneDelegate.swift */,
				D9D7E7DE2441CBF80030643A /* ContentView.swift */,
				D9D7E7E02441CBFC0030643A /* Assets.xcassets */,
				D9D7E7E52441CBFC0030643A /* LaunchScreen.storyboard */,
				D9D7E7E82441CBFC0030643A /* Info.plist */,
				D9D7E7E22441CBFC0030643A /* Preview Content */,
			);
			path = playWithSwiftUIControls;
			sourceTree = "<group>";
		};
		D9D7E7E22441CBFC0030643A /* Preview Content */ = {
			isa = PBXGroup;
			children = (
				D9D7E7E32441CBFC0030643A /* Preview Assets.xcassets */,
			);
			path = "Preview Content";
			sourceTree = "<group>";
		};
/* End PBXGroup section */

/* Begin PBXNativeTarget section */
		D9D7E7D62441CBF80030643A /* playWithSwiftUIControls */ = {
			isa = PBXNativeTarget;
			buildConfigurationList = D9D7E7EB2441CBFC0030643A /* Build configuration list for PBXNativeTarget "playWithSwiftUIControls" */;
			buildPhases = (
				D9D7E7D32441CBF80030643A /* Sources */,
				D9D7E7D42441CBF80030643A /* Frameworks */,
				D9D7E7D52441CBF80030643A /* Resources */,
			);
			buildRules = (
			);
			dependencies = (
			);
			name = playWithSwiftUIControls;
			productName = playWithSwiftUIControls;
			productReference = D9D7E7D72441CBF80030643A /* playWithSwiftUIControls.app */;
			productType = "com.apple.product-type.application";
		};
/* End PBXNativeTarget section */

/* Begin PBXProject section */
		D9D7E7CF2441CBF80030643A /* Project object */ = {
			isa = PBXProject;
			attributes = {
				LastSwiftUpdateCheck = 1140;
				LastUpgradeCheck = 1140;
				ORGANIZATIONNAME = Mandaleo;
				TargetAttributes = {
					D9D7E7D62441CBF80030643A = {
						CreatedOnToolsVersion = 11.4;
					};
				};
			};
			buildConfigurationList = D9D7E7D22441CBF80030643A /* Build configuration list for PBXProject "playWithSwiftUIControls" */;
			compatibilityVersion = "Xcode 9.3";
			developmentRegion = en;
			hasScannedForEncodings = 0;
			knownRegions = (
				en,
				Base,
			);
			mainGroup = D9D7E7CE2441CBF80030643A;
			productRefGroup = D9D7E7D82441CBF80030643A /* Products */;
			projectDirPath = "";
			projectRoot = "";
			targets = (
				D9D7E7D62441CBF80030643A /* playWithSwiftUIControls */,
			);
		};
/* End PBXProject section */

/* Begin PBXResourcesBuildPhase section */
		D9D7E7D52441CBF80030643A /* Resources */ = {
			isa = PBXResourcesBuildPhase;
			buildActionMask = 2147483647;
			files = (
				D9D7E7E72441CBFC0030643A /* LaunchScreen.storyboard in Resources */,
				D9D7E7E42441CBFC0030643A /* Preview Assets.xcassets in Resources */,
				D9D7E7E12441CBFC0030643A /* Assets.xcassets in Resources */,
			);
			runOnlyForDeploymentPostprocessing = 0;
		};
/* End PBXResourcesBuildPhase section */

/* Begin PBXSourcesBuildPhase section */
		D9D7E7D32441CBF80030643A /* Sources */ = {
			isa = PBXSourcesBuildPhase;
			buildActionMask = 2147483647;
			files = (
				D9D7E7DB2441CBF80030643A /* AppDelegate.swift in Sources */,
				D9D7E7DD2441CBF80030643A /* SceneDelegate.swift in Sources */,
				D9D7E7DF2441CBF80030643A /* ContentView.swift in Sources */,
			);
			runOnlyForDeploymentPostprocessing = 0;
		};
/* End PBXSourcesBuildPhase section */

/* Begin PBXVariantGroup section */
		D9D7E7E52441CBFC0030643A /* LaunchScreen.storyboard */ = {
			isa = PBXVariantGroup;
			children = (
				D9D7E7E62441CBFC0030643A /* Base */,
			);
			name = LaunchScreen.storyboard;
			sourceTree = "<group>";
		};
/* End PBXVariantGroup section */

/* Begin XCBuildConfiguration section */
		D9D7E7E92441CBFC0030643A /* Debug */ = {
			isa = XCBuildConfiguration;
			buildSettings = {
				ALWAYS_SEARCH_USER_PATHS = NO;
				CLANG_ANALYZER_NONNULL = YES;
				CLANG_ANALYZER_NUMBER_OBJECT_CONVERSION = YES_AGGRESSIVE;
				CLANG_CXX_LANGUAGE_STANDARD = "gnu++14";
				CLANG_CXX_LIBRARY = "libc++";
				CLANG_ENABLE_MODULES = YES;
				CLANG_ENABLE_OBJC_ARC = YES;
				CLANG_ENABLE_OBJC_WEAK = YES;
				CLANG_WARN_BLOCK_CAPTURE_AUTORELEASING = YES;
				CLANG_WARN_BOOL_CONVERSION = YES;
				CLANG_WARN_COMMA = YES;
				CLANG_WARN_CONSTANT_CONVERSION = YES;
				CLANG_WARN_DEPRECATED_OBJC_IMPLEMENTATIONS = YES;
				CLANG_WARN_DIRECT_OBJC_ISA_USAGE = YES_ERROR;
				CLANG_WARN_DOCUMENTATION_COMMENTS = YES;
				CLANG_WARN_EMPTY_BODY = YES;
				CLANG_WARN_ENUM_CONVERSION = YES;
				CLANG_WARN_INFINITE_RECURSION = YES;
				CLANG_WARN_INT_CONVERSION = YES;
				CLANG_WARN_NON_LITERAL_NULL_CONVERSION = YES;
				CLANG_WARN_OBJC_IMPLICIT_RETAIN_SELF = YES;
				CLANG_WARN_OBJC_LITERAL_CONVERSION = YES;
				CLANG_WARN_OBJC_ROOT_CLASS = YES_ERROR;
				CLANG_WARN_RANGE_LOOP_ANALYSIS = YES;
				CLANG_WARN_STRICT_PROTOTYPES = YES;
				CLANG_WARN_SUSPICIOUS_MOVE = YES;
				CLANG_WARN_UNGUARDED_AVAILABILITY = YES_AGGRESSIVE;
				CLANG_WARN_UNREACHABLE_CODE = YES;
				CLANG_WARN__DUPLICATE_METHOD_MATCH = YES;
				COPY_PHASE_STRIP = NO;
				DEBUG_INFORMATION_FORMAT = dwarf;
				ENABLE_STRICT_OBJC_MSGSEND = YES;
				ENABLE_TESTABILITY = YES;
				GCC_C_LANGUAGE_STANDARD = gnu11;
				GCC_DYNAMIC_NO_PIC = NO;
				GCC_NO_COMMON_BLOCKS = YES;
				GCC_OPTIMIZATION_LEVEL = 0;
				GCC_PREPROCESSOR_DEFINITIONS = (
					"DEBUG=1",
					"$(inherited)",
				);
				GCC_WARN_64_TO_32_BIT_CONVERSION = YES;
				GCC_WARN_ABOUT_RETURN_TYPE = YES_ERROR;
				GCC_WARN_UNDECLARED_SELECTOR = YES;
				GCC_WARN_UNINITIALIZED_AUTOS = YES_AGGRESSIVE;
				GCC_WARN_UNUSED_FUNCTION = YES;
				GCC_WARN_UNUSED_VARIABLE = YES;
				IPHONEOS_DEPLOYMENT_TARGET = 13.4;
				MTL_ENABLE_DEBUG_INFO = INCLUDE_SOURCE;
				MTL_FAST_MATH = YES;
				ONLY_ACTIVE_ARCH = YES;
				SDKROOT = iphoneos;
				SWIFT_ACTIVE_COMPILATION_CONDITIONS = DEBUG;
				SWIFT_OPTIMIZATION_LEVEL = "-Onone";
			};
			name = Debug;
		};
		D9D7E7EA2441CBFC0030643A /* Release */ = {
			isa = XCBuildConfiguration;
			buildSettings = {
				ALWAYS_SEARCH_USER_PATHS = NO;
				CLANG_ANALYZER_NONNULL = YES;
				CLANG_ANALYZER_NUMBER_OBJECT_CONVERSION = YES_AGGRESSIVE;
				CLANG_CXX_LANGUAGE_STANDARD = "gnu++14";
				CLANG_CXX_LIBRARY = "libc++";
				CLANG_ENABLE_MODULES = YES;
				CLANG_ENABLE_OBJC_ARC = YES;
				CLANG_ENABLE_OBJC_WEAK = YES;
				CLANG_WARN_BLOCK_CAPTURE_AUTORELEASING = YES;
				CLANG_WARN_BOOL_CONVERSION = YES;
				CLANG_WARN_COMMA = YES;
				CLANG_WARN_CONSTANT_CONVERSION = YES;
				CLANG_WARN_DEPRECATED_OBJC_IMPLEMENTATIONS = YES;
				CLANG_WARN_DIRECT_OBJC_ISA_USAGE = YES_ERROR;
				CLANG_WARN_DOCUMENTATION_COMMENTS = YES;
				CLANG_WARN_EMPTY_BODY = YES;
				CLANG_WARN_ENUM_CONVERSION = YES;
				CLANG_WARN_INFINITE_RECURSION = YES;
				CLANG_WARN_INT_CONVERSION = YES;
				CLANG_WARN_NON_LITERAL_NULL_CONVERSION = YES;
				CLANG_WARN_OBJC_IMPLICIT_RETAIN_SELF = YES;
				CLANG_WARN_OBJC_LITERAL_CONVERSION = YES;
				CLANG_WARN_OBJC_ROOT_CLASS = YES_ERROR;
				CLANG_WARN_RANGE_LOOP_ANALYSIS = YES;
				CLANG_WARN_STRICT_PROTOTYPES = YES;
				CLANG_WARN_SUSPICIOUS_MOVE = YES;
				CLANG_WARN_UNGUARDED_AVAILABILITY = YES_AGGRESSIVE;
				CLANG_WARN_UNREACHABLE_CODE = YES;
				CLANG_WARN__DUPLICATE_METHOD_MATCH = YES;
				COPY_PHASE_STRIP = NO;
				DEBUG_INFORMATION_FORMAT = "dwarf-with-dsym";
				ENABLE_NS_ASSERTIONS = NO;
				ENABLE_STRICT_OBJC_MSGSEND = YES;
				GCC_C_LANGUAGE_STANDARD = gnu11;
				GCC_NO_COMMON_BLOCKS = YES;
				GCC_WARN_64_TO_32_BIT_CONVERSION = YES;
				GCC_WARN_ABOUT_RETURN_TYPE = YES_ERROR;
				GCC_WARN_UNDECLARED_SELECTOR = YES;
				GCC_WARN_UNINITIALIZED_AUTOS = YES_AGGRESSIVE;
				GCC_WARN_UNUSED_FUNCTION = YES;
				GCC_WARN_UNUSED_VARIABLE = YES;
				IPHONEOS_DEPLOYMENT_TARGET = 13.4;
				MTL_ENABLE_DEBUG_INFO = NO;
				MTL_FAST_MATH = YES;
				SDKROOT = iphoneos;
				SWIFT_COMPILATION_MODE = wholemodule;
				SWIFT_OPTIMIZATION_LEVEL = "-O";
				VALIDATE_PRODUCT = YES;
			};
			name = Release;
		};
		D9D7E7EC2441CBFC0030643A /* Debug */ = {
			isa = XCBuildConfiguration;
			buildSettings = {
				ASSETCATALOG_COMPILER_APPICON_NAME = AppIcon;
				CODE_SIGN_STYLE = Automatic;
				DEVELOPMENT_ASSET_PATHS = "\"playWithSwiftUIControls/Preview Content\"";
				DEVELOPMENT_TEAM = BUS8BGZ883;
				ENABLE_PREVIEWS = YES;
				INFOPLIST_FILE = playWithSwiftUIControls/Info.plist;
				LD_RUNPATH_SEARCH_PATHS = (
					"$(inherited)",
					"@executable_path/Frameworks",
				);
				PRODUCT_BUNDLE_IDENTIFIER = com.mandaleo.playWithSwiftUIControls;
				PRODUCT_NAME = "$(TARGET_NAME)";
				SWIFT_VERSION = 5.0;
				TARGETED_DEVICE_FAMILY = "1,2";
			};
			name = Debug;
		};
		D9D7E7ED2441CBFC0030643A /* Release */ = {
			isa = XCBuildConfiguration;
			buildSettings = {
				ASSETCATALOG_COMPILER_APPICON_NAME = AppIcon;
				CODE_SIGN_STYLE = Automatic;
				DEVELOPMENT_ASSET_PATHS = "\"playWithSwiftUIControls/Preview Content\"";
				DEVELOPMENT_TEAM = BUS8BGZ883;
				ENABLE_PREVIEWS = YES;
				INFOPLIST_FILE = playWithSwiftUIControls/Info.plist;
				LD_RUNPATH_SEARCH_PATHS = (
					"$(inherited)",
					"@executable_path/Frameworks",
				);
				PRODUCT_BUNDLE_IDENTIFIER = com.mandaleo.playWithSwiftUIControls;
				PRODUCT_NAME = "$(TARGET_NAME)";
				SWIFT_VERSION = 5.0;
				TARGETED_DEVICE_FAMILY = "1,2";
			};
			name = Release;
		};
/* End XCBuildConfiguration section */

/* Begin XCConfigurationList section */
		D9D7E7D22441CBF80030643A /* Build configuration list for PBXProject "playWithSwiftUIControls" */ = {
			isa = XCConfigurationList;
			buildConfigurations = (
				D9D7E7E92441CBFC0030643A /* Debug */,
				D9D7E7EA2441CBFC0030643A /* Release */,
			);
			defaultConfigurationIsVisible = 0;
			defaultConfigurationName = Release;
		};
		D9D7E7EB2441CBFC0030643A /* Build configuration list for PBXNativeTarget "playWithSwiftUIControls" */ = {
			isa = XCConfigurationList;
			buildConfigurations = (
				D9D7E7EC2441CBFC0030643A /* Debug */,
				D9D7E7ED2441CBFC0030643A /* Release */,
			);
			defaultConfigurationIsVisible = 0;
			defaultConfigurationName = Release;
		};
/* End XCConfigurationList section */
	};
	rootObject = D9D7E7CF2441CBF80030643A /* Project object */;
}
