// !$*UTF8*$!
{
	archiveVersion = 1;
	classes = {
	};
	objectVersion = 50;
	objects = {

/* Begin PBXBuildFile section */
		D908C36224950CC5003189AD /* DrawShadowAroundView.swift in Sources */ = {isa = PBXBuildFile; fileRef = D908C36124950CC5003189AD /* DrawShadowAroundView.swift */; };
		D908C36524950EB4003189AD /* ClipView.swift in Sources */ = {isa = PBXBuildFile; fileRef = D908C36424950EB4003189AD /* ClipView.swift */; };
		D908C36924951097003189AD /* RotationEffectView.swift in Sources */ = {isa = PBXBuildFile; fileRef = D908C36824951097003189AD /* RotationEffectView.swift */; };
		D908C36C249511FA003189AD /* Rotation3DEffectView.swift in Sources */ = {isa = PBXBuildFile; fileRef = D908C36B249511FA003189AD /* Rotation3DEffectView.swift */; };
		D908C36F249513E2003189AD /* ScaleView.swift in Sources */ = {isa = PBXBuildFile; fileRef = D908C36E249513E2003189AD /* ScaleView.swift */; };
		D908C37224951604003189AD /* RoundCornerView.swift in Sources */ = {isa = PBXBuildFile; fileRef = D908C37124951604003189AD /* RoundCornerView.swift */; };
		D908C3752495166F003189AD /* OpacityView.swift in Sources */ = {isa = PBXBuildFile; fileRef = D908C3742495166F003189AD /* OpacityView.swift */; };
		D908C378249516BF003189AD /* AccentColorView.swift in Sources */ = {isa = PBXBuildFile; fileRef = D908C377249516BF003189AD /* AccentColorView.swift */; };
		D908C37B2495181C003189AD /* MaskViewWithAnotherView.swift in Sources */ = {isa = PBXBuildFile; fileRef = D908C37A2495181C003189AD /* MaskViewWithAnotherView.swift */; };
		D908C37E249518AC003189AD /* BlurView.swift in Sources */ = {isa = PBXBuildFile; fileRef = D908C37D249518AC003189AD /* BlurView.swift */; };
		D92A5FF3245F36D000A23545 /* DismissItselfWithPresentationModeView.swift in Sources */ = {isa = PBXBuildFile; fileRef = D92A5FF2245F36D000A23545 /* DismissItselfWithPresentationModeView.swift */; };
		D92A5FF6245F371000A23545 /* DetailDismissItselfWithPresentationModeView.swift in Sources */ = {isa = PBXBuildFile; fileRef = D92A5FF5245F371000A23545 /* DetailDismissItselfWithPresentationModeView.swift */; };
		D92A5FF9245F386D00A23545 /* DismissItselfWithBindingView.swift in Sources */ = {isa = PBXBuildFile; fileRef = D92A5FF8245F386D00A23545 /* DismissItselfWithBindingView.swift */; };
		D92A5FFC245F387F00A23545 /* DetailDismissItselfWithBindingView.swift in Sources */ = {isa = PBXBuildFile; fileRef = D92A5FFB245F387F00A23545 /* DetailDismissItselfWithBindingView.swift */; };
		D92A6000245F3BD300A23545 /* AdjustPositionWithOffsetView.swift in Sources */ = {isa = PBXBuildFile; fileRef = D92A5FFF245F3BD300A23545 /* AdjustPositionWithOffsetView.swift */; };
		D92A6003245F3D5900A23545 /* ColorPaddingOfView.swift in Sources */ = {isa = PBXBuildFile; fileRef = D92A6002245F3D5900A23545 /* ColorPaddingOfView.swift */; };
		D92A6006245F445F00A23545 /* StackModifiersView.swift in Sources */ = {isa = PBXBuildFile; fileRef = D92A6005245F445F00A23545 /* StackModifiersView.swift */; };
		D92A6009245F45F700A23545 /* DrawBorderAroundView.swift in Sources */ = {isa = PBXBuildFile; fileRef = D92A6008245F45F700A23545 /* DrawBorderAroundView.swift */; };
		D92A600D245F496000A23545 /* DrawBorderInsideView.swift in Sources */ = {isa = PBXBuildFile; fileRef = D92A600C245F496000A23545 /* DrawBorderInsideView.swift */; };
		D931858124421E7D0050F059 /* SpacersView.swift in Sources */ = {isa = PBXBuildFile; fileRef = D931858024421E7D0050F059 /* SpacersView.swift */; };
		D9318583244223770050F059 /* ZStacksView.swift in Sources */ = {isa = PBXBuildFile; fileRef = D9318582244223770050F059 /* ZStacksView.swift */; };
		D9318586244226120050F059 /* ReturDifferentsTypesView.swift in Sources */ = {isa = PBXBuildFile; fileRef = D9318585244226120050F059 /* ReturDifferentsTypesView.swift */; };
		D9318588244227860050F059 /* ForEachOfCreateView.swift in Sources */ = {isa = PBXBuildFile; fileRef = D9318587244227860050F059 /* ForEachOfCreateView.swift */; };
		D931858A24422B370050F059 /* DifferentsLayoutUsingSizeClasses.swift in Sources */ = {isa = PBXBuildFile; fileRef = D931858924422B370050F059 /* DifferentsLayoutUsingSizeClasses.swift */; };
		D931858C24422CC30050F059 /* CustomFrameView.swift in Sources */ = {isa = PBXBuildFile; fileRef = D931858B24422CC30050F059 /* CustomFrameView.swift */; };
		D931858E24422DFD0050F059 /* GeometryReaderView.swift in Sources */ = {isa = PBXBuildFile; fileRef = D931858D24422DFD0050F059 /* GeometryReaderView.swift */; };
		D93185902442311F0050F059 /* IgnoreSafeAreaView.swift in Sources */ = {isa = PBXBuildFile; fileRef = D931858F2442311F0050F059 /* IgnoreSafeAreaView.swift */; };
		D93185932442385B0050F059 /* VerticalScrollView.swift in Sources */ = {isa = PBXBuildFile; fileRef = D93185922442385B0050F059 /* VerticalScrollView.swift */; };
		D9318595244238C00050F059 /* HorizontalScrollView.swift in Sources */ = {isa = PBXBuildFile; fileRef = D9318594244238C00050F059 /* HorizontalScrollView.swift */; };
		D931859824423A760050F059 /* CoverFlowEffectView.swift in Sources */ = {isa = PBXBuildFile; fileRef = D931859724423A760050F059 /* CoverFlowEffectView.swift */; };
		D931859A244246900050F059 /* DragGestureView.swift in Sources */ = {isa = PBXBuildFile; fileRef = D9318599244246900050F059 /* DragGestureView.swift */; };
		D931859D24438E5C0050F059 /* GridStackView.swift in Sources */ = {isa = PBXBuildFile; fileRef = D931859C24438E5C0050F059 /* GridStackView.swift */; };
		D93185A2244392D00050F059 /* ToggleSwitchView.swift in Sources */ = {isa = PBXBuildFile; fileRef = D93185A1244392D00050F059 /* ToggleSwitchView.swift */; };
		D93185A5244393DB0050F059 /* TappableButtonView.swift in Sources */ = {isa = PBXBuildFile; fileRef = D93185A4244393DB0050F059 /* TappableButtonView.swift */; };
		D93185A7244395420050F059 /* DisableOverlaycolorForImagesView.swift in Sources */ = {isa = PBXBuildFile; fileRef = D93185A6244395420050F059 /* DisableOverlaycolorForImagesView.swift */; };
		D93185AA244396F70050F059 /* ReadTextFieldView.swift in Sources */ = {isa = PBXBuildFile; fileRef = D93185A9244396F60050F059 /* ReadTextFieldView.swift */; };
		D93185AD2443985F0050F059 /* TextFieldBorderedView.swift in Sources */ = {isa = PBXBuildFile; fileRef = D93185AC2443985F0050F059 /* TextFieldBorderedView.swift */; };
		D93185AF244398A60050F059 /* SecureTextFieldView.swift in Sources */ = {isa = PBXBuildFile; fileRef = D93185AE244398A60050F059 /* SecureTextFieldView.swift */; };
		D93185B32444BD850050F059 /* ReadSliderView.swift in Sources */ = {isa = PBXBuildFile; fileRef = D93185B22444BD850050F059 /* ReadSliderView.swift */; };
		D93185B62444BF030050F059 /* ReadFromPicker.swift in Sources */ = {isa = PBXBuildFile; fileRef = D93185B52444BF030050F059 /* ReadFromPicker.swift */; };
		D93185B92444C0230050F059 /* ReadFromDatePicker.swift in Sources */ = {isa = PBXBuildFile; fileRef = D93185B82444C0230050F059 /* ReadFromDatePicker.swift */; };
		D93185BC2444C1E70050F059 /* ReadFromSegmentControl.swift in Sources */ = {isa = PBXBuildFile; fileRef = D93185BB2444C1E70050F059 /* ReadFromSegmentControl.swift */; };
		D93185BF2444C2F90050F059 /* ReadFromStepper.swift in Sources */ = {isa = PBXBuildFile; fileRef = D93185BE2444C2F90050F059 /* ReadFromStepper.swift */; };
		D93185C22444C3FA0050F059 /* TapGestureView.swift in Sources */ = {isa = PBXBuildFile; fileRef = D93185C12444C3FA0050F059 /* TapGestureView.swift */; };
		D93185C42444C5A00050F059 /* ModifyTappableAreaOfGestureView.swift in Sources */ = {isa = PBXBuildFile; fileRef = D93185C32444C5A00050F059 /* ModifyTappableAreaOfGestureView.swift */; };
		D93185C62444C6930050F059 /* AddingGesturesView.swift in Sources */ = {isa = PBXBuildFile; fileRef = D93185C52444C6930050F059 /* AddingGesturesView.swift */; };
		D93185C92444C8B70050F059 /* LifeCycleView.swift in Sources */ = {isa = PBXBuildFile; fileRef = D93185C82444C8B70050F059 /* LifeCycleView.swift */; };
		D93185CC2444CA0A0050F059 /* HideLabelsInPickersViews.swift in Sources */ = {isa = PBXBuildFile; fileRef = D93185CB2444CA0A0050F059 /* HideLabelsInPickersViews.swift */; };
		D93185CE2444CA7B0050F059 /* DisableTapsView.swift in Sources */ = {isa = PBXBuildFile; fileRef = D93185CD2444CA7B0050F059 /* DisableTapsView.swift */; };
		D93186032454BE990050F059 /* ListStaticItemsView.swift in Sources */ = {isa = PBXBuildFile; fileRef = D93186022454BE990050F059 /* ListStaticItemsView.swift */; };
		D93186062454BECA0050F059 /* RestaurantStaticRow.swift in Sources */ = {isa = PBXBuildFile; fileRef = D93186052454BECA0050F059 /* RestaurantStaticRow.swift */; };
		D93920E7245F30A200F4C7DC /* PushInNavigationView.swift in Sources */ = {isa = PBXBuildFile; fileRef = D93920E6245F30A200F4C7DC /* PushInNavigationView.swift */; };
		D93920EA245F31E600F4C7DC /* PushTapInListview.swift in Sources */ = {isa = PBXBuildFile; fileRef = D93920E9245F31E600F4C7DC /* PushTapInListview.swift */; };
		D93920ED245F321900F4C7DC /* RestaurantFake.swift in Sources */ = {isa = PBXBuildFile; fileRef = D93920EC245F321900F4C7DC /* RestaurantFake.swift */; };
		D93920F1245F324400F4C7DC /* RestaurantRowView.swift in Sources */ = {isa = PBXBuildFile; fileRef = D93920F0245F324400F4C7DC /* RestaurantRowView.swift */; };
		D93920F3245F33BB00F4C7DC /* RestaurantFakeView.swift in Sources */ = {isa = PBXBuildFile; fileRef = D93920F2245F33BB00F4C7DC /* RestaurantFakeView.swift */; };
		D93920F6245F34ED00F4C7DC /* PresentWithSheetView.swift in Sources */ = {isa = PBXBuildFile; fileRef = D93920F5245F34ED00F4C7DC /* PresentWithSheetView.swift */; };
		D93920F8245F350C00F4C7DC /* PresentSheetDetailView.swift in Sources */ = {isa = PBXBuildFile; fileRef = D93920F7245F350C00F4C7DC /* PresentSheetDetailView.swift */; };
		D9950FB0245C2C7300ECB35E /* RemoveItemsListView.swift in Sources */ = {isa = PBXBuildFile; fileRef = D9950FAF245C2C7300ECB35E /* RemoveItemsListView.swift */; };
		D9950FB3245C2DD700ECB35E /* MoveItemsListview.swift in Sources */ = {isa = PBXBuildFile; fileRef = D9950FB2245C2DD700ECB35E /* MoveItemsListview.swift */; };
		D9950FB6245C30ED00ECB35E /* AddSectionsListView.swift in Sources */ = {isa = PBXBuildFile; fileRef = D9950FB5245C30ED00ECB35E /* AddSectionsListView.swift */; };
		D9950FB8245C315300ECB35E /* TaskRow.swift in Sources */ = {isa = PBXBuildFile; fileRef = D9950FB7245C315300ECB35E /* TaskRow.swift */; };
		D9950FBB245C31EB00ECB35E /* GroupedListView.swift in Sources */ = {isa = PBXBuildFile; fileRef = D9950FBA245C31EB00ECB35E /* GroupedListView.swift */; };
		D9950FBD245C320000ECB35E /* GroupedExampleRow.swift in Sources */ = {isa = PBXBuildFile; fileRef = D9950FBC245C320000ECB35E /* GroupedExampleRow.swift */; };
		D9950FC0245C331500ECB35E /* BackGroundColorOfRowsView.swift in Sources */ = {isa = PBXBuildFile; fileRef = D9950FBF245C331500ECB35E /* BackGroundColorOfRowsView.swift */; };
		D9950FC3245C344400ECB35E /* ImplicitStackingListView.swift in Sources */ = {isa = PBXBuildFile; fileRef = D9950FC2245C344400ECB35E /* ImplicitStackingListView.swift */; };
		D9950FC6245C6FAC00ECB35E /* BasicFormView.swift in Sources */ = {isa = PBXBuildFile; fileRef = D9950FC5245C6FAC00ECB35E /* BasicFormView.swift */; };
		D9950FCB245C711E00ECB35E /* FormWithSectionsView.swift in Sources */ = {isa = PBXBuildFile; fileRef = D9950FCA245C711E00ECB35E /* FormWithSectionsView.swift */; };
		D9950FCE245C72DA00ECB35E /* PickersInFormsView.swift in Sources */ = {isa = PBXBuildFile; fileRef = D9950FCD245C72DA00ECB35E /* PickersInFormsView.swift */; };
		D9950FD1245C746300ECB35E /* DisablingElementsInFormView.swift in Sources */ = {isa = PBXBuildFile; fileRef = D9950FD0245C746300ECB35E /* DisablingElementsInFormView.swift */; };
		D9950FD4245C758700ECB35E /* HideRowsInFormView.swift in Sources */ = {isa = PBXBuildFile; fileRef = D9950FD3245C758700ECB35E /* HideRowsInFormView.swift */; };
		D9950FD9245C77C500ECB35E /* EmbedViewInNavigationView.swift in Sources */ = {isa = PBXBuildFile; fileRef = D9950FD8245C77C500ECB35E /* EmbedViewInNavigationView.swift */; };
		D9950FDC245C78F500ECB35E /* AddBarItemsInNavigationView.swift in Sources */ = {isa = PBXBuildFile; fileRef = D9950FDB245C78F500ECB35E /* AddBarItemsInNavigationView.swift */; };
		D9950FE0245C7A2600ECB35E /* EmbedViewsInTabView.swift in Sources */ = {isa = PBXBuildFile; fileRef = D9950FDF245C7A2600ECB35E /* EmbedViewsInTabView.swift */; };
		D9950FE3245C7B2C00ECB35E /* GroupView.swift in Sources */ = {isa = PBXBuildFile; fileRef = D9950FE2245C7B2C00ECB35E /* GroupView.swift */; };
		D9950FE6245C7D0900ECB35E /* HideStatusBarView.swift in Sources */ = {isa = PBXBuildFile; fileRef = D9950FE5245C7D0900ECB35E /* HideStatusBarView.swift */; };
		D9950FEB245C7E0D00ECB35E /* ShowAlertview.swift in Sources */ = {isa = PBXBuildFile; fileRef = D9950FEA245C7E0D00ECB35E /* ShowAlertview.swift */; };
		D9950FEE245C806700ECB35E /* MultipleAlertsView.swift in Sources */ = {isa = PBXBuildFile; fileRef = D9950FED245C806700ECB35E /* MultipleAlertsView.swift */; };
		D9950FF1245C81C000ECB35E /* AddActionInAlertView.swift in Sources */ = {isa = PBXBuildFile; fileRef = D9950FF0245C81C000ECB35E /* AddActionInAlertView.swift */; };
		D9950FF5245C82A200ECB35E /* ShowActionSheetView.swift in Sources */ = {isa = PBXBuildFile; fileRef = D9950FF4245C82A200ECB35E /* ShowActionSheetView.swift */; };
		D9950FF8245C841400ECB35E /* AddContextMenuView.swift in Sources */ = {isa = PBXBuildFile; fileRef = D9950FF7245C841400ECB35E /* AddContextMenuView.swift */; };
		D9AACE612454C14000A86585 /* RestaurantDynamicView.swift in Sources */ = {isa = PBXBuildFile; fileRef = D9AACE602454C14000A86585 /* RestaurantDynamicView.swift */; };
		D9AACE632454C16100A86585 /* Restaurant.swift in Sources */ = {isa = PBXBuildFile; fileRef = D9AACE622454C16100A86585 /* Restaurant.swift */; };
		D9AACE652454C21500A86585 /* ListDynamicsItemsView.swift in Sources */ = {isa = PBXBuildFile; fileRef = D9AACE642454C21500A86585 /* ListDynamicsItemsView.swift */; };
		D9D7E7DB2441CBF80030643A /* AppDelegate.swift in Sources */ = {isa = PBXBuildFile; fileRef = D9D7E7DA2441CBF80030643A /* AppDelegate.swift */; };
		D9D7E7DD2441CBF80030643A /* SceneDelegate.swift in Sources */ = {isa = PBXBuildFile; fileRef = D9D7E7DC2441CBF80030643A /* SceneDelegate.swift */; };
		D9D7E7DF2441CBF80030643A /* ContentView.swift in Sources */ = {isa = PBXBuildFile; fileRef = D9D7E7DE2441CBF80030643A /* ContentView.swift */; };
		D9D7E7E12441CBFC0030643A /* Assets.xcassets in Resources */ = {isa = PBXBuildFile; fileRef = D9D7E7E02441CBFC0030643A /* Assets.xcassets */; };
		D9D7E7E42441CBFC0030643A /* Preview Assets.xcassets in Resources */ = {isa = PBXBuildFile; fileRef = D9D7E7E32441CBFC0030643A /* Preview Assets.xcassets */; };
		D9D7E7E72441CBFC0030643A /* LaunchScreen.storyboard in Resources */ = {isa = PBXBuildFile; fileRef = D9D7E7E52441CBFC0030643A /* LaunchScreen.storyboard */; };
		D9D7E7F02441CFCE0030643A /* TruncateTextsViews.swift in Sources */ = {isa = PBXBuildFile; fileRef = D9D7E7EF2441CFCE0030643A /* TruncateTextsViews.swift */; };
		D9D7E7F22441D08D0030643A /* StyleTextsViews.swift in Sources */ = {isa = PBXBuildFile; fileRef = D9D7E7F12441D08D0030643A /* StyleTextsViews.swift */; };
		D9D7E7F52441D54E0030643A /* DrawImagesView.swift in Sources */ = {isa = PBXBuildFile; fileRef = D9D7E7F42441D54E0030643A /* DrawImagesView.swift */; };
		D9D7E7F72441D8D40030643A /* ScaleImagesView.swift in Sources */ = {isa = PBXBuildFile; fileRef = D9D7E7F62441D8D40030643A /* ScaleImagesView.swift */; };
		D9D7E7F92441D9D90030643A /* TileImagesView.swift in Sources */ = {isa = PBXBuildFile; fileRef = D9D7E7F82441D9D90030643A /* TileImagesView.swift */; };
		D9D7E7FC2441DB1F0030643A /* RenderGradientView.swift in Sources */ = {isa = PBXBuildFile; fileRef = D9D7E7FB2441DB1F0030643A /* RenderGradientView.swift */; };
		D9D7E7FF244217520030643A /* SolidShapesView.swift in Sources */ = {isa = PBXBuildFile; fileRef = D9D7E7FE244217520030643A /* SolidShapesView.swift */; };
		D9D7E802244219960030643A /* BackgroundsViews.swift in Sources */ = {isa = PBXBuildFile; fileRef = D9D7E801244219960030643A /* BackgroundsViews.swift */; };
		D9D7E80524421B940030643A /* AlignmentStacksView.swift in Sources */ = {isa = PBXBuildFile; fileRef = D9D7E80424421B940030643A /* AlignmentStacksView.swift */; };
		D9D7E80824421CED0030643A /* PaddingsView.swift in Sources */ = {isa = PBXBuildFile; fileRef = D9D7E80724421CED0030643A /* PaddingsView.swift */; };
		D9D866F524A34D45005C2E4B /* BlendView.swift in Sources */ = {isa = PBXBuildFile; fileRef = D9D866F424A34D45005C2E4B /* BlendView.swift */; };
		D9D866F724A38857005C2E4B /* TintView.swift in Sources */ = {isa = PBXBuildFile; fileRef = D9D866F624A38857005C2E4B /* TintView.swift */; };
		D9D866F924A3889D005C2E4B /* SaturationView.swift in Sources */ = {isa = PBXBuildFile; fileRef = D9D866F824A3889D005C2E4B /* SaturationView.swift */; };
		D9D866FB24A388D7005C2E4B /* ContrastView.swift in Sources */ = {isa = PBXBuildFile; fileRef = D9D866FA24A388D7005C2E4B /* ContrastView.swift */; };
/* End PBXBuildFile section */

/* Begin PBXFileReference section */
		D908C36124950CC5003189AD /* DrawShadowAroundView.swift */ = {isa = PBXFileReference; lastKnownFileType = sourcecode.swift; path = DrawShadowAroundView.swift; sourceTree = "<group>"; };
		D908C36424950EB4003189AD /* ClipView.swift */ = {isa = PBXFileReference; lastKnownFileType = sourcecode.swift; path = ClipView.swift; sourceTree = "<group>"; };
		D908C36824951097003189AD /* RotationEffectView.swift */ = {isa = PBXFileReference; lastKnownFileType = sourcecode.swift; path = RotationEffectView.swift; sourceTree = "<group>"; };
		D908C36B249511FA003189AD /* Rotation3DEffectView.swift */ = {isa = PBXFileReference; lastKnownFileType = sourcecode.swift; path = Rotation3DEffectView.swift; sourceTree = "<group>"; };
		D908C36E249513E2003189AD /* ScaleView.swift */ = {isa = PBXFileReference; lastKnownFileType = sourcecode.swift; path = ScaleView.swift; sourceTree = "<group>"; };
		D908C37124951604003189AD /* RoundCornerView.swift */ = {isa = PBXFileReference; lastKnownFileType = sourcecode.swift; path = RoundCornerView.swift; sourceTree = "<group>"; };
		D908C3742495166F003189AD /* OpacityView.swift */ = {isa = PBXFileReference; lastKnownFileType = sourcecode.swift; path = OpacityView.swift; sourceTree = "<group>"; };
		D908C377249516BF003189AD /* AccentColorView.swift */ = {isa = PBXFileReference; lastKnownFileType = sourcecode.swift; path = AccentColorView.swift; sourceTree = "<group>"; };
		D908C37A2495181C003189AD /* MaskViewWithAnotherView.swift */ = {isa = PBXFileReference; lastKnownFileType = sourcecode.swift; path = MaskViewWithAnotherView.swift; sourceTree = "<group>"; };
		D908C37D249518AC003189AD /* BlurView.swift */ = {isa = PBXFileReference; lastKnownFileType = sourcecode.swift; path = BlurView.swift; sourceTree = "<group>"; };
		D92A5FF2245F36D000A23545 /* DismissItselfWithPresentationModeView.swift */ = {isa = PBXFileReference; lastKnownFileType = sourcecode.swift; path = DismissItselfWithPresentationModeView.swift; sourceTree = "<group>"; };
		D92A5FF5245F371000A23545 /* DetailDismissItselfWithPresentationModeView.swift */ = {isa = PBXFileReference; lastKnownFileType = sourcecode.swift; path = DetailDismissItselfWithPresentationModeView.swift; sourceTree = "<group>"; };
		D92A5FF8245F386D00A23545 /* DismissItselfWithBindingView.swift */ = {isa = PBXFileReference; lastKnownFileType = sourcecode.swift; path = DismissItselfWithBindingView.swift; sourceTree = "<group>"; };
		D92A5FFB245F387F00A23545 /* DetailDismissItselfWithBindingView.swift */ = {isa = PBXFileReference; lastKnownFileType = sourcecode.swift; path = DetailDismissItselfWithBindingView.swift; sourceTree = "<group>"; };
		D92A5FFF245F3BD300A23545 /* AdjustPositionWithOffsetView.swift */ = {isa = PBXFileReference; lastKnownFileType = sourcecode.swift; path = AdjustPositionWithOffsetView.swift; sourceTree = "<group>"; };
		D92A6002245F3D5900A23545 /* ColorPaddingOfView.swift */ = {isa = PBXFileReference; lastKnownFileType = sourcecode.swift; path = ColorPaddingOfView.swift; sourceTree = "<group>"; };
		D92A6005245F445F00A23545 /* StackModifiersView.swift */ = {isa = PBXFileReference; lastKnownFileType = sourcecode.swift; path = StackModifiersView.swift; sourceTree = "<group>"; };
		D92A6008245F45F700A23545 /* DrawBorderAroundView.swift */ = {isa = PBXFileReference; lastKnownFileType = sourcecode.swift; path = DrawBorderAroundView.swift; sourceTree = "<group>"; };
		D92A600C245F496000A23545 /* DrawBorderInsideView.swift */ = {isa = PBXFileReference; lastKnownFileType = sourcecode.swift; path = DrawBorderInsideView.swift; sourceTree = "<group>"; };
		D931858024421E7D0050F059 /* SpacersView.swift */ = {isa = PBXFileReference; lastKnownFileType = sourcecode.swift; path = SpacersView.swift; sourceTree = "<group>"; };
		D9318582244223770050F059 /* ZStacksView.swift */ = {isa = PBXFileReference; lastKnownFileType = sourcecode.swift; path = ZStacksView.swift; sourceTree = "<group>"; };
		D9318585244226120050F059 /* ReturDifferentsTypesView.swift */ = {isa = PBXFileReference; lastKnownFileType = sourcecode.swift; path = ReturDifferentsTypesView.swift; sourceTree = "<group>"; };
		D9318587244227860050F059 /* ForEachOfCreateView.swift */ = {isa = PBXFileReference; lastKnownFileType = sourcecode.swift; path = ForEachOfCreateView.swift; sourceTree = "<group>"; };
		D931858924422B370050F059 /* DifferentsLayoutUsingSizeClasses.swift */ = {isa = PBXFileReference; lastKnownFileType = sourcecode.swift; path = DifferentsLayoutUsingSizeClasses.swift; sourceTree = "<group>"; };
		D931858B24422CC30050F059 /* CustomFrameView.swift */ = {isa = PBXFileReference; lastKnownFileType = sourcecode.swift; path = CustomFrameView.swift; sourceTree = "<group>"; };
		D931858D24422DFD0050F059 /* GeometryReaderView.swift */ = {isa = PBXFileReference; lastKnownFileType = sourcecode.swift; path = GeometryReaderView.swift; sourceTree = "<group>"; };
		D931858F2442311F0050F059 /* IgnoreSafeAreaView.swift */ = {isa = PBXFileReference; lastKnownFileType = sourcecode.swift; path = IgnoreSafeAreaView.swift; sourceTree = "<group>"; };
		D93185922442385B0050F059 /* VerticalScrollView.swift */ = {isa = PBXFileReference; lastKnownFileType = sourcecode.swift; path = VerticalScrollView.swift; sourceTree = "<group>"; };
		D9318594244238C00050F059 /* HorizontalScrollView.swift */ = {isa = PBXFileReference; lastKnownFileType = sourcecode.swift; path = HorizontalScrollView.swift; sourceTree = "<group>"; };
		D931859724423A760050F059 /* CoverFlowEffectView.swift */ = {isa = PBXFileReference; lastKnownFileType = sourcecode.swift; path = CoverFlowEffectView.swift; sourceTree = "<group>"; };
		D9318599244246900050F059 /* DragGestureView.swift */ = {isa = PBXFileReference; lastKnownFileType = sourcecode.swift; path = DragGestureView.swift; sourceTree = "<group>"; };
		D931859C24438E5C0050F059 /* GridStackView.swift */ = {isa = PBXFileReference; lastKnownFileType = sourcecode.swift; path = GridStackView.swift; sourceTree = "<group>"; };
		D93185A1244392D00050F059 /* ToggleSwitchView.swift */ = {isa = PBXFileReference; lastKnownFileType = sourcecode.swift; path = ToggleSwitchView.swift; sourceTree = "<group>"; };
		D93185A4244393DB0050F059 /* TappableButtonView.swift */ = {isa = PBXFileReference; lastKnownFileType = sourcecode.swift; path = TappableButtonView.swift; sourceTree = "<group>"; };
		D93185A6244395420050F059 /* DisableOverlaycolorForImagesView.swift */ = {isa = PBXFileReference; lastKnownFileType = sourcecode.swift; path = DisableOverlaycolorForImagesView.swift; sourceTree = "<group>"; };
		D93185A9244396F60050F059 /* ReadTextFieldView.swift */ = {isa = PBXFileReference; lastKnownFileType = sourcecode.swift; path = ReadTextFieldView.swift; sourceTree = "<group>"; };
		D93185AC2443985F0050F059 /* TextFieldBorderedView.swift */ = {isa = PBXFileReference; lastKnownFileType = sourcecode.swift; path = TextFieldBorderedView.swift; sourceTree = "<group>"; };
		D93185AE244398A60050F059 /* SecureTextFieldView.swift */ = {isa = PBXFileReference; lastKnownFileType = sourcecode.swift; path = SecureTextFieldView.swift; sourceTree = "<group>"; };
		D93185B22444BD850050F059 /* ReadSliderView.swift */ = {isa = PBXFileReference; lastKnownFileType = sourcecode.swift; path = ReadSliderView.swift; sourceTree = "<group>"; };
		D93185B52444BF030050F059 /* ReadFromPicker.swift */ = {isa = PBXFileReference; lastKnownFileType = sourcecode.swift; path = ReadFromPicker.swift; sourceTree = "<group>"; };
		D93185B82444C0230050F059 /* ReadFromDatePicker.swift */ = {isa = PBXFileReference; lastKnownFileType = sourcecode.swift; path = ReadFromDatePicker.swift; sourceTree = "<group>"; };
		D93185BB2444C1E70050F059 /* ReadFromSegmentControl.swift */ = {isa = PBXFileReference; lastKnownFileType = sourcecode.swift; path = ReadFromSegmentControl.swift; sourceTree = "<group>"; };
		D93185BE2444C2F90050F059 /* ReadFromStepper.swift */ = {isa = PBXFileReference; lastKnownFileType = sourcecode.swift; path = ReadFromStepper.swift; sourceTree = "<group>"; };
		D93185C12444C3FA0050F059 /* TapGestureView.swift */ = {isa = PBXFileReference; lastKnownFileType = sourcecode.swift; path = TapGestureView.swift; sourceTree = "<group>"; };
		D93185C32444C5A00050F059 /* ModifyTappableAreaOfGestureView.swift */ = {isa = PBXFileReference; lastKnownFileType = sourcecode.swift; path = ModifyTappableAreaOfGestureView.swift; sourceTree = "<group>"; };
		D93185C52444C6930050F059 /* AddingGesturesView.swift */ = {isa = PBXFileReference; lastKnownFileType = sourcecode.swift; path = AddingGesturesView.swift; sourceTree = "<group>"; };
		D93185C82444C8B70050F059 /* LifeCycleView.swift */ = {isa = PBXFileReference; lastKnownFileType = sourcecode.swift; path = LifeCycleView.swift; sourceTree = "<group>"; };
		D93185CB2444CA0A0050F059 /* HideLabelsInPickersViews.swift */ = {isa = PBXFileReference; lastKnownFileType = sourcecode.swift; path = HideLabelsInPickersViews.swift; sourceTree = "<group>"; };
		D93185CD2444CA7B0050F059 /* DisableTapsView.swift */ = {isa = PBXFileReference; lastKnownFileType = sourcecode.swift; path = DisableTapsView.swift; sourceTree = "<group>"; };
		D93186022454BE990050F059 /* ListStaticItemsView.swift */ = {isa = PBXFileReference; lastKnownFileType = sourcecode.swift; path = ListStaticItemsView.swift; sourceTree = "<group>"; };
		D93186052454BECA0050F059 /* RestaurantStaticRow.swift */ = {isa = PBXFileReference; lastKnownFileType = sourcecode.swift; path = RestaurantStaticRow.swift; sourceTree = "<group>"; };
		D93920E6245F30A200F4C7DC /* PushInNavigationView.swift */ = {isa = PBXFileReference; lastKnownFileType = sourcecode.swift; path = PushInNavigationView.swift; sourceTree = "<group>"; };
		D93920E9245F31E600F4C7DC /* PushTapInListview.swift */ = {isa = PBXFileReference; lastKnownFileType = sourcecode.swift; path = PushTapInListview.swift; sourceTree = "<group>"; };
		D93920EC245F321900F4C7DC /* RestaurantFake.swift */ = {isa = PBXFileReference; lastKnownFileType = sourcecode.swift; path = RestaurantFake.swift; sourceTree = "<group>"; };
		D93920F0245F324400F4C7DC /* RestaurantRowView.swift */ = {isa = PBXFileReference; lastKnownFileType = sourcecode.swift; path = RestaurantRowView.swift; sourceTree = "<group>"; };
		D93920F2245F33BB00F4C7DC /* RestaurantFakeView.swift */ = {isa = PBXFileReference; lastKnownFileType = sourcecode.swift; path = RestaurantFakeView.swift; sourceTree = "<group>"; };
		D93920F5245F34ED00F4C7DC /* PresentWithSheetView.swift */ = {isa = PBXFileReference; lastKnownFileType = sourcecode.swift; path = PresentWithSheetView.swift; sourceTree = "<group>"; };
		D93920F7245F350C00F4C7DC /* PresentSheetDetailView.swift */ = {isa = PBXFileReference; lastKnownFileType = sourcecode.swift; path = PresentSheetDetailView.swift; sourceTree = "<group>"; };
		D9950FAF245C2C7300ECB35E /* RemoveItemsListView.swift */ = {isa = PBXFileReference; lastKnownFileType = sourcecode.swift; path = RemoveItemsListView.swift; sourceTree = "<group>"; };
		D9950FB2245C2DD700ECB35E /* MoveItemsListview.swift */ = {isa = PBXFileReference; lastKnownFileType = sourcecode.swift; path = MoveItemsListview.swift; sourceTree = "<group>"; };
		D9950FB5245C30ED00ECB35E /* AddSectionsListView.swift */ = {isa = PBXFileReference; lastKnownFileType = sourcecode.swift; path = AddSectionsListView.swift; sourceTree = "<group>"; };
		D9950FB7245C315300ECB35E /* TaskRow.swift */ = {isa = PBXFileReference; lastKnownFileType = sourcecode.swift; path = TaskRow.swift; sourceTree = "<group>"; };
		D9950FBA245C31EB00ECB35E /* GroupedListView.swift */ = {isa = PBXFileReference; lastKnownFileType = sourcecode.swift; path = GroupedListView.swift; sourceTree = "<group>"; };
		D9950FBC245C320000ECB35E /* GroupedExampleRow.swift */ = {isa = PBXFileReference; lastKnownFileType = sourcecode.swift; path = GroupedExampleRow.swift; sourceTree = "<group>"; };
		D9950FBF245C331500ECB35E /* BackGroundColorOfRowsView.swift */ = {isa = PBXFileReference; lastKnownFileType = sourcecode.swift; path = BackGroundColorOfRowsView.swift; sourceTree = "<group>"; };
		D9950FC2245C344400ECB35E /* ImplicitStackingListView.swift */ = {isa = PBXFileReference; lastKnownFileType = sourcecode.swift; path = ImplicitStackingListView.swift; sourceTree = "<group>"; };
		D9950FC5245C6FAC00ECB35E /* BasicFormView.swift */ = {isa = PBXFileReference; lastKnownFileType = sourcecode.swift; path = BasicFormView.swift; sourceTree = "<group>"; };
		D9950FCA245C711E00ECB35E /* FormWithSectionsView.swift */ = {isa = PBXFileReference; lastKnownFileType = sourcecode.swift; path = FormWithSectionsView.swift; sourceTree = "<group>"; };
		D9950FCD245C72DA00ECB35E /* PickersInFormsView.swift */ = {isa = PBXFileReference; lastKnownFileType = sourcecode.swift; path = PickersInFormsView.swift; sourceTree = "<group>"; };
		D9950FD0245C746300ECB35E /* DisablingElementsInFormView.swift */ = {isa = PBXFileReference; lastKnownFileType = sourcecode.swift; path = DisablingElementsInFormView.swift; sourceTree = "<group>"; };
		D9950FD3245C758700ECB35E /* HideRowsInFormView.swift */ = {isa = PBXFileReference; lastKnownFileType = sourcecode.swift; path = HideRowsInFormView.swift; sourceTree = "<group>"; };
		D9950FD8245C77C500ECB35E /* EmbedViewInNavigationView.swift */ = {isa = PBXFileReference; lastKnownFileType = sourcecode.swift; path = EmbedViewInNavigationView.swift; sourceTree = "<group>"; };
		D9950FDB245C78F500ECB35E /* AddBarItemsInNavigationView.swift */ = {isa = PBXFileReference; lastKnownFileType = sourcecode.swift; path = AddBarItemsInNavigationView.swift; sourceTree = "<group>"; };
		D9950FDF245C7A2600ECB35E /* EmbedViewsInTabView.swift */ = {isa = PBXFileReference; lastKnownFileType = sourcecode.swift; path = EmbedViewsInTabView.swift; sourceTree = "<group>"; };
		D9950FE2245C7B2C00ECB35E /* GroupView.swift */ = {isa = PBXFileReference; lastKnownFileType = sourcecode.swift; path = GroupView.swift; sourceTree = "<group>"; };
		D9950FE5245C7D0900ECB35E /* HideStatusBarView.swift */ = {isa = PBXFileReference; lastKnownFileType = sourcecode.swift; path = HideStatusBarView.swift; sourceTree = "<group>"; };
		D9950FEA245C7E0D00ECB35E /* ShowAlertview.swift */ = {isa = PBXFileReference; lastKnownFileType = sourcecode.swift; path = ShowAlertview.swift; sourceTree = "<group>"; };
		D9950FED245C806700ECB35E /* MultipleAlertsView.swift */ = {isa = PBXFileReference; lastKnownFileType = sourcecode.swift; path = MultipleAlertsView.swift; sourceTree = "<group>"; };
		D9950FF0245C81C000ECB35E /* AddActionInAlertView.swift */ = {isa = PBXFileReference; lastKnownFileType = sourcecode.swift; path = AddActionInAlertView.swift; sourceTree = "<group>"; };
		D9950FF4245C82A200ECB35E /* ShowActionSheetView.swift */ = {isa = PBXFileReference; lastKnownFileType = sourcecode.swift; path = ShowActionSheetView.swift; sourceTree = "<group>"; };
		D9950FF7245C841400ECB35E /* AddContextMenuView.swift */ = {isa = PBXFileReference; lastKnownFileType = sourcecode.swift; path = AddContextMenuView.swift; sourceTree = "<group>"; };
		D9AACE602454C14000A86585 /* RestaurantDynamicView.swift */ = {isa = PBXFileReference; lastKnownFileType = sourcecode.swift; path = RestaurantDynamicView.swift; sourceTree = "<group>"; };
		D9AACE622454C16100A86585 /* Restaurant.swift */ = {isa = PBXFileReference; lastKnownFileType = sourcecode.swift; path = Restaurant.swift; sourceTree = "<group>"; };
		D9AACE642454C21500A86585 /* ListDynamicsItemsView.swift */ = {isa = PBXFileReference; lastKnownFileType = sourcecode.swift; path = ListDynamicsItemsView.swift; sourceTree = "<group>"; };
		D9D7E7D72441CBF80030643A /* playWithSwiftUIControls.app */ = {isa = PBXFileReference; explicitFileType = wrapper.application; includeInIndex = 0; path = playWithSwiftUIControls.app; sourceTree = BUILT_PRODUCTS_DIR; };
		D9D7E7DA2441CBF80030643A /* AppDelegate.swift */ = {isa = PBXFileReference; lastKnownFileType = sourcecode.swift; path = AppDelegate.swift; sourceTree = "<group>"; };
		D9D7E7DC2441CBF80030643A /* SceneDelegate.swift */ = {isa = PBXFileReference; lastKnownFileType = sourcecode.swift; path = SceneDelegate.swift; sourceTree = "<group>"; };
		D9D7E7DE2441CBF80030643A /* ContentView.swift */ = {isa = PBXFileReference; lastKnownFileType = sourcecode.swift; path = ContentView.swift; sourceTree = "<group>"; };
		D9D7E7E02441CBFC0030643A /* Assets.xcassets */ = {isa = PBXFileReference; lastKnownFileType = folder.assetcatalog; path = Assets.xcassets; sourceTree = "<group>"; };
		D9D7E7E32441CBFC0030643A /* Preview Assets.xcassets */ = {isa = PBXFileReference; lastKnownFileType = folder.assetcatalog; path = "Preview Assets.xcassets"; sourceTree = "<group>"; };
		D9D7E7E62441CBFC0030643A /* Base */ = {isa = PBXFileReference; lastKnownFileType = file.storyboard; name = Base; path = Base.lproj/LaunchScreen.storyboard; sourceTree = "<group>"; };
		D9D7E7E82441CBFC0030643A /* Info.plist */ = {isa = PBXFileReference; lastKnownFileType = text.plist.xml; path = Info.plist; sourceTree = "<group>"; };
		D9D7E7EF2441CFCE0030643A /* TruncateTextsViews.swift */ = {isa = PBXFileReference; lastKnownFileType = sourcecode.swift; path = TruncateTextsViews.swift; sourceTree = "<group>"; };
		D9D7E7F12441D08D0030643A /* StyleTextsViews.swift */ = {isa = PBXFileReference; lastKnownFileType = sourcecode.swift; path = StyleTextsViews.swift; sourceTree = "<group>"; };
		D9D7E7F42441D54E0030643A /* DrawImagesView.swift */ = {isa = PBXFileReference; lastKnownFileType = sourcecode.swift; path = DrawImagesView.swift; sourceTree = "<group>"; };
		D9D7E7F62441D8D40030643A /* ScaleImagesView.swift */ = {isa = PBXFileReference; lastKnownFileType = sourcecode.swift; path = ScaleImagesView.swift; sourceTree = "<group>"; };
		D9D7E7F82441D9D90030643A /* TileImagesView.swift */ = {isa = PBXFileReference; lastKnownFileType = sourcecode.swift; path = TileImagesView.swift; sourceTree = "<group>"; };
		D9D7E7FB2441DB1F0030643A /* RenderGradientView.swift */ = {isa = PBXFileReference; lastKnownFileType = sourcecode.swift; path = RenderGradientView.swift; sourceTree = "<group>"; };
		D9D7E7FE244217520030643A /* SolidShapesView.swift */ = {isa = PBXFileReference; lastKnownFileType = sourcecode.swift; path = SolidShapesView.swift; sourceTree = "<group>"; };
		D9D7E801244219960030643A /* BackgroundsViews.swift */ = {isa = PBXFileReference; lastKnownFileType = sourcecode.swift; path = BackgroundsViews.swift; sourceTree = "<group>"; };
		D9D7E80424421B940030643A /* AlignmentStacksView.swift */ = {isa = PBXFileReference; lastKnownFileType = sourcecode.swift; path = AlignmentStacksView.swift; sourceTree = "<group>"; };
		D9D7E80724421CED0030643A /* PaddingsView.swift */ = {isa = PBXFileReference; lastKnownFileType = sourcecode.swift; path = PaddingsView.swift; sourceTree = "<group>"; };
		D9D866F424A34D45005C2E4B /* BlendView.swift */ = {isa = PBXFileReference; lastKnownFileType = sourcecode.swift; path = BlendView.swift; sourceTree = "<group>"; };
		D9D866F624A38857005C2E4B /* TintView.swift */ = {isa = PBXFileReference; lastKnownFileType = sourcecode.swift; path = TintView.swift; sourceTree = "<group>"; };
		D9D866F824A3889D005C2E4B /* SaturationView.swift */ = {isa = PBXFileReference; lastKnownFileType = sourcecode.swift; path = SaturationView.swift; sourceTree = "<group>"; };
		D9D866FA24A388D7005C2E4B /* ContrastView.swift */ = {isa = PBXFileReference; lastKnownFileType = sourcecode.swift; path = ContrastView.swift; sourceTree = "<group>"; };
/* End PBXFileReference section */

/* Begin PBXFrameworksBuildPhase section */
		D9D7E7D42441CBF80030643A /* Frameworks */ = {
			isa = PBXFrameworksBuildPhase;
			buildActionMask = 2147483647;
			files = (
			);
			runOnlyForDeploymentPostprocessing = 0;
		};
/* End PBXFrameworksBuildPhase section */

/* Begin PBXGroup section */
		D908C35F24950C99003189AD /* Shadow */ = {
			isa = PBXGroup;
			children = (
				D908C36024950CAC003189AD /* Around */,
			);
			path = Shadow;
			sourceTree = "<group>";
		};
		D908C36024950CAC003189AD /* Around */ = {
			isa = PBXGroup;
			children = (
				D908C36124950CC5003189AD /* DrawShadowAroundView.swift */,
			);
			path = Around;
			sourceTree = "<group>";
		};
		D908C36324950E89003189AD /* Clip */ = {
			isa = PBXGroup;
			children = (
				D908C36424950EB4003189AD /* ClipView.swift */,
			);
			path = Clip;
			sourceTree = "<group>";
		};
		D908C36624951075003189AD /* RotateView */ = {
			isa = PBXGroup;
			children = (
				D908C36724951086003189AD /* RotationEffect */,
				D908C36A249511E2003189AD /* Rotation3DEffect */,
			);
			path = RotateView;
			sourceTree = "<group>";
		};
		D908C36724951086003189AD /* RotationEffect */ = {
			isa = PBXGroup;
			children = (
				D908C36824951097003189AD /* RotationEffectView.swift */,
			);
			path = RotationEffect;
			sourceTree = "<group>";
		};
		D908C36A249511E2003189AD /* Rotation3DEffect */ = {
			isa = PBXGroup;
			children = (
				D908C36B249511FA003189AD /* Rotation3DEffectView.swift */,
			);
			path = Rotation3DEffect;
			sourceTree = "<group>";
		};
		D908C36D249512B2003189AD /* Scale */ = {
			isa = PBXGroup;
			children = (
				D908C36E249513E2003189AD /* ScaleView.swift */,
			);
			path = Scale;
			sourceTree = "<group>";
		};
		D908C370249515E6003189AD /* Round Corner View */ = {
			isa = PBXGroup;
			children = (
				D908C37124951604003189AD /* RoundCornerView.swift */,
			);
			path = "Round Corner View";
			sourceTree = "<group>";
		};
		D908C37324951643003189AD /* Opacity View */ = {
			isa = PBXGroup;
			children = (
				D908C3742495166F003189AD /* OpacityView.swift */,
			);
			path = "Opacity View";
			sourceTree = "<group>";
		};
		D908C376249516A6003189AD /* Accent Color */ = {
			isa = PBXGroup;
			children = (
				D908C377249516BF003189AD /* AccentColorView.swift */,
			);
			path = "Accent Color";
			sourceTree = "<group>";
		};
		D908C3792495172D003189AD /* Mask View with Other */ = {
			isa = PBXGroup;
			children = (
				D908C37A2495181C003189AD /* MaskViewWithAnotherView.swift */,
			);
			path = "Mask View with Other";
			sourceTree = "<group>";
		};
		D908C37C24951896003189AD /* Blur */ = {
			isa = PBXGroup;
			children = (
				D908C37D249518AC003189AD /* BlurView.swift */,
			);
			path = Blur;
			sourceTree = "<group>";
		};
		D92A5FEE245F365800A23545 /* Dismiss Itself */ = {
			isa = PBXGroup;
			children = (
				D92A5FF1245F36BC00A23545 /* Presentation Mode */,
				D92A5FF7245F384D00A23545 /* Binding */,
			);
			path = "Dismiss Itself";
			sourceTree = "<group>";
		};
		D92A5FF1245F36BC00A23545 /* Presentation Mode */ = {
			isa = PBXGroup;
			children = (
				D92A5FF4245F36F300A23545 /* Detail */,
				D92A5FF2245F36D000A23545 /* DismissItselfWithPresentationModeView.swift */,
			);
			path = "Presentation Mode";
			sourceTree = "<group>";
		};
		D92A5FF4245F36F300A23545 /* Detail */ = {
			isa = PBXGroup;
			children = (
				D92A5FF5245F371000A23545 /* DetailDismissItselfWithPresentationModeView.swift */,
			);
			path = Detail;
			sourceTree = "<group>";
		};
		D92A5FF7245F384D00A23545 /* Binding */ = {
			isa = PBXGroup;
			children = (
				D92A5FFA245F387100A23545 /* Detail */,
				D92A5FF8245F386D00A23545 /* DismissItselfWithBindingView.swift */,
			);
			path = Binding;
			sourceTree = "<group>";
		};
		D92A5FFA245F387100A23545 /* Detail */ = {
			isa = PBXGroup;
			children = (
				D92A5FFB245F387F00A23545 /* DetailDismissItselfWithBindingView.swift */,
			);
			path = Detail;
			sourceTree = "<group>";
		};
		D92A5FFD245F3B9A00A23545 /* Transforming Views */ = {
			isa = PBXGroup;
			children = (
				D92A5FFE245F3BBD00A23545 /* Adjust Position with Offset */,
				D92A6001245F3D3D00A23545 /* Color the padding around view */,
				D92A6004245F444700A23545 /* Stack Modifiers */,
				D92A6007245F45E300A23545 /* Border */,
				D908C35F24950C99003189AD /* Shadow */,
				D908C36324950E89003189AD /* Clip */,
				D908C36624951075003189AD /* RotateView */,
				D908C36D249512B2003189AD /* Scale */,
				D908C370249515E6003189AD /* Round Corner View */,
				D908C37324951643003189AD /* Opacity View */,
				D908C376249516A6003189AD /* Accent Color */,
				D908C3792495172D003189AD /* Mask View with Other */,
				D908C37C24951896003189AD /* Blur */,
				D9D866F324A34D22005C2E4B /* Blend */,
			);
			path = "Transforming Views";
			sourceTree = "<group>";
		};
		D92A5FFE245F3BBD00A23545 /* Adjust Position with Offset */ = {
			isa = PBXGroup;
			children = (
				D92A5FFF245F3BD300A23545 /* AdjustPositionWithOffsetView.swift */,
			);
			path = "Adjust Position with Offset";
			sourceTree = "<group>";
		};
		D92A6001245F3D3D00A23545 /* Color the padding around view */ = {
			isa = PBXGroup;
			children = (
				D92A6002245F3D5900A23545 /* ColorPaddingOfView.swift */,
			);
			path = "Color the padding around view";
			sourceTree = "<group>";
		};
		D92A6004245F444700A23545 /* Stack Modifiers */ = {
			isa = PBXGroup;
			children = (
				D92A6005245F445F00A23545 /* StackModifiersView.swift */,
			);
			path = "Stack Modifiers";
			sourceTree = "<group>";
		};
		D92A6007245F45E300A23545 /* Border */ = {
			isa = PBXGroup;
			children = (
				D92A600A245F492F00A23545 /* Around */,
				D92A600B245F494800A23545 /* Inside */,
			);
			path = Border;
			sourceTree = "<group>";
		};
		D92A600A245F492F00A23545 /* Around */ = {
			isa = PBXGroup;
			children = (
				D92A6008245F45F700A23545 /* DrawBorderAroundView.swift */,
			);
			path = Around;
			sourceTree = "<group>";
		};
		D92A600B245F494800A23545 /* Inside */ = {
			isa = PBXGroup;
			children = (
				D92A600C245F496000A23545 /* DrawBorderInsideView.swift */,
			);
			path = Inside;
			sourceTree = "<group>";
		};
		D931857E24421E260050F059 /* Paddings */ = {
			isa = PBXGroup;
			children = (
				D9D7E80724421CED0030643A /* PaddingsView.swift */,
			);
			path = Paddings;
			sourceTree = "<group>";
		};
		D931857F24421E630050F059 /* Spacers */ = {
			isa = PBXGroup;
			children = (
				D931858024421E7D0050F059 /* SpacersView.swift */,
			);
			path = Spacers;
			sourceTree = "<group>";
		};
		D9318584244225E20050F059 /* Views */ = {
			isa = PBXGroup;
			children = (
				D9318585244226120050F059 /* ReturDifferentsTypesView.swift */,
				D9318587244227860050F059 /* ForEachOfCreateView.swift */,
				D931858924422B370050F059 /* DifferentsLayoutUsingSizeClasses.swift */,
				D931858B24422CC30050F059 /* CustomFrameView.swift */,
				D931858D24422DFD0050F059 /* GeometryReaderView.swift */,
				D931858F2442311F0050F059 /* IgnoreSafeAreaView.swift */,
				D93185CB2444CA0A0050F059 /* HideLabelsInPickersViews.swift */,
			);
			path = Views;
			sourceTree = "<group>";
		};
		D93185912442382A0050F059 /* ScrollView */ = {
			isa = PBXGroup;
			children = (
				D93185922442385B0050F059 /* VerticalScrollView.swift */,
				D9318594244238C00050F059 /* HorizontalScrollView.swift */,
			);
			path = ScrollView;
			sourceTree = "<group>";
		};
		D931859624423A5A0050F059 /* Effects */ = {
			isa = PBXGroup;
			children = (
				D931859724423A760050F059 /* CoverFlowEffectView.swift */,
				D9318599244246900050F059 /* DragGestureView.swift */,
			);
			path = Effects;
			sourceTree = "<group>";
		};
		D931859B24438E3D0050F059 /* GridView */ = {
			isa = PBXGroup;
			children = (
				D931859C24438E5C0050F059 /* GridStackView.swift */,
			);
			path = GridView;
			sourceTree = "<group>";
		};
		D931859E244392860050F059 /* Layouts */ = {
			isa = PBXGroup;
			children = (
				D9D7E7EE2441CFB10030643A /* Text */,
				D9D7E7F32441D52C0030643A /* Images */,
				D9D7E7FA2441DB000030643A /* Gradient */,
				D9D7E7FD2442173E0030643A /* Shapes */,
				D9D7E800244219760030643A /* Backgrounds */,
				D9D7E80324421B640030643A /* StacksView */,
				D931857E24421E260050F059 /* Paddings */,
				D931857F24421E630050F059 /* Spacers */,
				D9318584244225E20050F059 /* Views */,
				D93185912442382A0050F059 /* ScrollView */,
				D931859624423A5A0050F059 /* Effects */,
				D931859B24438E3D0050F059 /* GridView */,
				D93185AB2443983E0050F059 /* TextFields */,
				D93186012454BE3B0050F059 /* Lists */,
				D9950FC4245C6F5800ECB35E /* Forms */,
				D9950FD5245C767200ECB35E /* Containers */,
				D9950FE7245C7D9500ECB35E /* Alerts and Action Sheets */,
				D9950FF6245C83D700ECB35E /* Context Menu */,
			);
			path = Layouts;
			sourceTree = "<group>";
		};
		D931859F2443929E0050F059 /* Events */ = {
			isa = PBXGroup;
			children = (
				D93185B02444BD4B0050F059 /* Read */,
				D93185A8244396D40050F059 /* TextField */,
				D93185B12444BD6D0050F059 /* Slider */,
				D93185B42444BEF10050F059 /* Picker */,
				D93185B72444C00F0050F059 /* DatePicker */,
				D93185BA2444C1D00050F059 /* Segment Control */,
				D93185BD2444C2E40050F059 /* Stepper */,
				D93185A0244392A80050F059 /* Toggle Switch */,
				D93185A3244393CA0050F059 /* Tappable Button */,
				D93185C02444C3E80050F059 /* Gestures */,
				D93185C72444C8840050F059 /* LifeCycle Events */,
			);
			path = Events;
			sourceTree = "<group>";
		};
		D93185A0244392A80050F059 /* Toggle Switch */ = {
			isa = PBXGroup;
			children = (
				D93185A1244392D00050F059 /* ToggleSwitchView.swift */,
			);
			path = "Toggle Switch";
			sourceTree = "<group>";
		};
		D93185A3244393CA0050F059 /* Tappable Button */ = {
			isa = PBXGroup;
			children = (
				D93185A4244393DB0050F059 /* TappableButtonView.swift */,
			);
			path = "Tappable Button";
			sourceTree = "<group>";
		};
		D93185A8244396D40050F059 /* TextField */ = {
			isa = PBXGroup;
			children = (
				D93185A9244396F60050F059 /* ReadTextFieldView.swift */,
			);
			path = TextField;
			sourceTree = "<group>";
		};
		D93185AB2443983E0050F059 /* TextFields */ = {
			isa = PBXGroup;
			children = (
				D93185AC2443985F0050F059 /* TextFieldBorderedView.swift */,
				D93185AE244398A60050F059 /* SecureTextFieldView.swift */,
			);
			path = TextFields;
			sourceTree = "<group>";
		};
		D93185B02444BD4B0050F059 /* Read */ = {
			isa = PBXGroup;
			children = (
			);
			path = Read;
			sourceTree = "<group>";
		};
		D93185B12444BD6D0050F059 /* Slider */ = {
			isa = PBXGroup;
			children = (
				D93185B22444BD850050F059 /* ReadSliderView.swift */,
			);
			path = Slider;
			sourceTree = "<group>";
		};
		D93185B42444BEF10050F059 /* Picker */ = {
			isa = PBXGroup;
			children = (
				D93185B52444BF030050F059 /* ReadFromPicker.swift */,
			);
			path = Picker;
			sourceTree = "<group>";
		};
		D93185B72444C00F0050F059 /* DatePicker */ = {
			isa = PBXGroup;
			children = (
				D93185B82444C0230050F059 /* ReadFromDatePicker.swift */,
			);
			path = DatePicker;
			sourceTree = "<group>";
		};
		D93185BA2444C1D00050F059 /* Segment Control */ = {
			isa = PBXGroup;
			children = (
				D93185BB2444C1E70050F059 /* ReadFromSegmentControl.swift */,
			);
			path = "Segment Control";
			sourceTree = "<group>";
		};
		D93185BD2444C2E40050F059 /* Stepper */ = {
			isa = PBXGroup;
			children = (
				D93185BE2444C2F90050F059 /* ReadFromStepper.swift */,
			);
			path = Stepper;
			sourceTree = "<group>";
		};
		D93185C02444C3E80050F059 /* Gestures */ = {
			isa = PBXGroup;
			children = (
				D93185C12444C3FA0050F059 /* TapGestureView.swift */,
				D93185C32444C5A00050F059 /* ModifyTappableAreaOfGestureView.swift */,
				D93185C52444C6930050F059 /* AddingGesturesView.swift */,
				D93185CD2444CA7B0050F059 /* DisableTapsView.swift */,
			);
			path = Gestures;
			sourceTree = "<group>";
		};
		D93185C72444C8840050F059 /* LifeCycle Events */ = {
			isa = PBXGroup;
			children = (
				D93185C82444C8B70050F059 /* LifeCycleView.swift */,
			);
			path = "LifeCycle Events";
			sourceTree = "<group>";
		};
		D93186012454BE3B0050F059 /* Lists */ = {
			isa = PBXGroup;
			children = (
				D93186042454BEBA0050F059 /* Static Items */,
				D9AACE5F2454C12200A86585 /* Dynamic items */,
				D9950FAE245C2C5600ECB35E /* Remove Items */,
				D9950FB1245C2DBA00ECB35E /* Move Items */,
				D9950FB4245C30D900ECB35E /* Add sections */,
				D9950FB9245C31D000ECB35E /* Grouped List */,
				D9950FBE245C32F200ECB35E /* Background color of list row */,
				D9950FC1245C33C600ECB35E /* Implicit stacking */,
			);
			path = Lists;
			sourceTree = "<group>";
		};
		D93186042454BEBA0050F059 /* Static Items */ = {
			isa = PBXGroup;
			children = (
				D93186022454BE990050F059 /* ListStaticItemsView.swift */,
				D93186052454BECA0050F059 /* RestaurantStaticRow.swift */,
			);
			path = "Static Items";
			sourceTree = "<group>";
		};
		D93920E5245F309100F4C7DC /* Push */ = {
			isa = PBXGroup;
			children = (
				D93920E6245F30A200F4C7DC /* PushInNavigationView.swift */,
			);
			path = Push;
			sourceTree = "<group>";
		};
		D93920E8245F31D200F4C7DC /* Push Tap in List */ = {
			isa = PBXGroup;
			children = (
				D93920EB245F320900F4C7DC /* DataSource */,
				D93920E9245F31E600F4C7DC /* PushTapInListview.swift */,
			);
			path = "Push Tap in List";
			sourceTree = "<group>";
		};
		D93920EB245F320900F4C7DC /* DataSource */ = {
			isa = PBXGroup;
			children = (
				D93920FA245F353400F4C7DC /* Detail */,
				D93920EC245F321900F4C7DC /* RestaurantFake.swift */,
				D93920F0245F324400F4C7DC /* RestaurantRowView.swift */,
			);
			path = DataSource;
			sourceTree = "<group>";
		};
		D93920F4245F34D800F4C7DC /* Present with sheet */ = {
			isa = PBXGroup;
			children = (
				D93920F9245F352700F4C7DC /* Detail */,
				D93920F5245F34ED00F4C7DC /* PresentWithSheetView.swift */,
			);
			path = "Present with sheet";
			sourceTree = "<group>";
		};
		D93920F9245F352700F4C7DC /* Detail */ = {
			isa = PBXGroup;
			children = (
				D93920F7245F350C00F4C7DC /* PresentSheetDetailView.swift */,
			);
			path = Detail;
			sourceTree = "<group>";
		};
		D93920FA245F353400F4C7DC /* Detail */ = {
			isa = PBXGroup;
			children = (
				D93920F2245F33BB00F4C7DC /* RestaurantFakeView.swift */,
			);
			path = Detail;
			sourceTree = "<group>";
		};
		D93D4109245D776200994B4C /* PresentingViews */ = {
			isa = PBXGroup;
			children = (
				D93920E5245F309100F4C7DC /* Push */,
				D93920E8245F31D200F4C7DC /* Push Tap in List */,
				D93920F4245F34D800F4C7DC /* Present with sheet */,
				D92A5FEE245F365800A23545 /* Dismiss Itself */,
			);
			path = PresentingViews;
			sourceTree = "<group>";
		};
		D9950FAE245C2C5600ECB35E /* Remove Items */ = {
			isa = PBXGroup;
			children = (
				D9950FAF245C2C7300ECB35E /* RemoveItemsListView.swift */,
			);
			path = "Remove Items";
			sourceTree = "<group>";
		};
		D9950FB1245C2DBA00ECB35E /* Move Items */ = {
			isa = PBXGroup;
			children = (
				D9950FB2245C2DD700ECB35E /* MoveItemsListview.swift */,
			);
			path = "Move Items";
			sourceTree = "<group>";
		};
		D9950FB4245C30D900ECB35E /* Add sections */ = {
			isa = PBXGroup;
			children = (
				D9950FB5245C30ED00ECB35E /* AddSectionsListView.swift */,
				D9950FB7245C315300ECB35E /* TaskRow.swift */,
			);
			path = "Add sections";
			sourceTree = "<group>";
		};
		D9950FB9245C31D000ECB35E /* Grouped List */ = {
			isa = PBXGroup;
			children = (
				D9950FBC245C320000ECB35E /* GroupedExampleRow.swift */,
				D9950FBA245C31EB00ECB35E /* GroupedListView.swift */,
			);
			path = "Grouped List";
			sourceTree = "<group>";
		};
		D9950FBE245C32F200ECB35E /* Background color of list row */ = {
			isa = PBXGroup;
			children = (
				D9950FBF245C331500ECB35E /* BackGroundColorOfRowsView.swift */,
			);
			path = "Background color of list row";
			sourceTree = "<group>";
		};
		D9950FC1245C33C600ECB35E /* Implicit stacking */ = {
			isa = PBXGroup;
			children = (
				D9950FC2245C344400ECB35E /* ImplicitStackingListView.swift */,
			);
			path = "Implicit stacking";
			sourceTree = "<group>";
		};
		D9950FC4245C6F5800ECB35E /* Forms */ = {
			isa = PBXGroup;
			children = (
				D9950FC7245C70EE00ECB35E /* Basic Form */,
				D9950FC9245C710600ECB35E /* Form With Sections */,
				D9950FCC245C72C600ECB35E /* Pickers */,
				D9950FCF245C744900ECB35E /* DisablingElements */,
				D9950FD2245C754F00ECB35E /* Hide Rows */,
			);
			path = Forms;
			sourceTree = "<group>";
		};
		D9950FC7245C70EE00ECB35E /* Basic Form */ = {
			isa = PBXGroup;
			children = (
				D9950FC5245C6FAC00ECB35E /* BasicFormView.swift */,
			);
			path = "Basic Form";
			sourceTree = "<group>";
		};
		D9950FC9245C710600ECB35E /* Form With Sections */ = {
			isa = PBXGroup;
			children = (
				D9950FCA245C711E00ECB35E /* FormWithSectionsView.swift */,
			);
			path = "Form With Sections";
			sourceTree = "<group>";
		};
		D9950FCC245C72C600ECB35E /* Pickers */ = {
			isa = PBXGroup;
			children = (
				D9950FCD245C72DA00ECB35E /* PickersInFormsView.swift */,
			);
			path = Pickers;
			sourceTree = "<group>";
		};
		D9950FCF245C744900ECB35E /* DisablingElements */ = {
			isa = PBXGroup;
			children = (
				D9950FD0245C746300ECB35E /* DisablingElementsInFormView.swift */,
			);
			path = DisablingElements;
			sourceTree = "<group>";
		};
		D9950FD2245C754F00ECB35E /* Hide Rows */ = {
			isa = PBXGroup;
			children = (
				D9950FD3245C758700ECB35E /* HideRowsInFormView.swift */,
			);
			path = "Hide Rows";
			sourceTree = "<group>";
		};
		D9950FD5245C767200ECB35E /* Containers */ = {
			isa = PBXGroup;
			children = (
				D9950FD6245C77A400ECB35E /* Navigation View */,
				D9950FDD245C79F900ECB35E /* TabView */,
				D9950FE1245C7B1700ECB35E /* Group */,
				D9950FE4245C7CF100ECB35E /* Status Bar */,
			);
			path = Containers;
			sourceTree = "<group>";
		};
		D9950FD6245C77A400ECB35E /* Navigation View */ = {
			isa = PBXGroup;
			children = (
				D9950FD7245C77B000ECB35E /* Embed View */,
				D9950FDA245C78D900ECB35E /* Add Bar Items */,
			);
			path = "Navigation View";
			sourceTree = "<group>";
		};
		D9950FD7245C77B000ECB35E /* Embed View */ = {
			isa = PBXGroup;
			children = (
				D9950FD8245C77C500ECB35E /* EmbedViewInNavigationView.swift */,
			);
			path = "Embed View";
			sourceTree = "<group>";
		};
		D9950FDA245C78D900ECB35E /* Add Bar Items */ = {
			isa = PBXGroup;
			children = (
				D9950FDB245C78F500ECB35E /* AddBarItemsInNavigationView.swift */,
			);
			path = "Add Bar Items";
			sourceTree = "<group>";
		};
		D9950FDD245C79F900ECB35E /* TabView */ = {
			isa = PBXGroup;
			children = (
				D9950FDE245C7A1300ECB35E /* Embed Views */,
			);
			path = TabView;
			sourceTree = "<group>";
		};
		D9950FDE245C7A1300ECB35E /* Embed Views */ = {
			isa = PBXGroup;
			children = (
				D9950FDF245C7A2600ECB35E /* EmbedViewsInTabView.swift */,
			);
			path = "Embed Views";
			sourceTree = "<group>";
		};
		D9950FE1245C7B1700ECB35E /* Group */ = {
			isa = PBXGroup;
			children = (
				D9950FE2245C7B2C00ECB35E /* GroupView.swift */,
			);
			path = Group;
			sourceTree = "<group>";
		};
		D9950FE4245C7CF100ECB35E /* Status Bar */ = {
			isa = PBXGroup;
			children = (
				D9950FE5245C7D0900ECB35E /* HideStatusBarView.swift */,
			);
			path = "Status Bar";
			sourceTree = "<group>";
		};
		D9950FE7245C7D9500ECB35E /* Alerts and Action Sheets */ = {
			isa = PBXGroup;
			children = (
				D9950FE8245C7DFD00ECB35E /* Alert */,
				D9950FF2245C828900ECB35E /* Action Sheet */,
			);
			path = "Alerts and Action Sheets";
			sourceTree = "<group>";
		};
		D9950FE8245C7DFD00ECB35E /* Alert */ = {
			isa = PBXGroup;
			children = (
				D9950FE9245C7E0400ECB35E /* Show */,
				D9950FEC245C7F2C00ECB35E /* Multiple Alerts in View */,
				D9950FEF245C818D00ECB35E /* Add Action */,
			);
			path = Alert;
			sourceTree = "<group>";
		};
		D9950FE9245C7E0400ECB35E /* Show */ = {
			isa = PBXGroup;
			children = (
				D9950FEA245C7E0D00ECB35E /* ShowAlertview.swift */,
			);
			path = Show;
			sourceTree = "<group>";
		};
		D9950FEC245C7F2C00ECB35E /* Multiple Alerts in View */ = {
			isa = PBXGroup;
			children = (
				D9950FED245C806700ECB35E /* MultipleAlertsView.swift */,
			);
			path = "Multiple Alerts in View";
			sourceTree = "<group>";
		};
		D9950FEF245C818D00ECB35E /* Add Action */ = {
			isa = PBXGroup;
			children = (
				D9950FF0245C81C000ECB35E /* AddActionInAlertView.swift */,
			);
			path = "Add Action";
			sourceTree = "<group>";
		};
		D9950FF2245C828900ECB35E /* Action Sheet */ = {
			isa = PBXGroup;
			children = (
				D9950FF3245C829300ECB35E /* Show */,
			);
			path = "Action Sheet";
			sourceTree = "<group>";
		};
		D9950FF3245C829300ECB35E /* Show */ = {
			isa = PBXGroup;
			children = (
				D9950FF4245C82A200ECB35E /* ShowActionSheetView.swift */,
			);
			path = Show;
			sourceTree = "<group>";
		};
		D9950FF6245C83D700ECB35E /* Context Menu */ = {
			isa = PBXGroup;
			children = (
				D9950FF7245C841400ECB35E /* AddContextMenuView.swift */,
			);
			path = "Context Menu";
			sourceTree = "<group>";
		};
		D9AACE5F2454C12200A86585 /* Dynamic items */ = {
			isa = PBXGroup;
			children = (
				D9AACE602454C14000A86585 /* RestaurantDynamicView.swift */,
				D9AACE622454C16100A86585 /* Restaurant.swift */,
				D9AACE642454C21500A86585 /* ListDynamicsItemsView.swift */,
			);
			path = "Dynamic items";
			sourceTree = "<group>";
		};
		D9D7E7CE2441CBF80030643A = {
			isa = PBXGroup;
			children = (
				D9D7E7D92441CBF80030643A /* playWithSwiftUIControls */,
				D9D7E7D82441CBF80030643A /* Products */,
			);
			sourceTree = "<group>";
		};
		D9D7E7D82441CBF80030643A /* Products */ = {
			isa = PBXGroup;
			children = (
				D9D7E7D72441CBF80030643A /* playWithSwiftUIControls.app */,
			);
			name = Products;
			sourceTree = "<group>";
		};
		D9D7E7D92441CBF80030643A /* playWithSwiftUIControls */ = {
			isa = PBXGroup;
			children = (
				D931859E244392860050F059 /* Layouts */,
				D931859F2443929E0050F059 /* Events */,
				D93D4109245D776200994B4C /* PresentingViews */,
				D92A5FFD245F3B9A00A23545 /* Transforming Views */,
				D9D7E7DA2441CBF80030643A /* AppDelegate.swift */,
				D9D7E7DC2441CBF80030643A /* SceneDelegate.swift */,
				D9D7E7DE2441CBF80030643A /* ContentView.swift */,
				D9D7E7E02441CBFC0030643A /* Assets.xcassets */,
				D9D7E7E52441CBFC0030643A /* LaunchScreen.storyboard */,
				D9D7E7E82441CBFC0030643A /* Info.plist */,
				D9D7E7E22441CBFC0030643A /* Preview Content */,
			);
			path = playWithSwiftUIControls;
			sourceTree = "<group>";
		};
		D9D7E7E22441CBFC0030643A /* Preview Content */ = {
			isa = PBXGroup;
			children = (
				D9D7E7E32441CBFC0030643A /* Preview Assets.xcassets */,
			);
			path = "Preview Content";
			sourceTree = "<group>";
		};
		D9D7E7EE2441CFB10030643A /* Text */ = {
			isa = PBXGroup;
			children = (
				D9D7E7EF2441CFCE0030643A /* TruncateTextsViews.swift */,
				D9D7E7F12441D08D0030643A /* StyleTextsViews.swift */,
			);
			path = Text;
			sourceTree = "<group>";
		};
		D9D7E7F32441D52C0030643A /* Images */ = {
			isa = PBXGroup;
			children = (
				D9D7E7F42441D54E0030643A /* DrawImagesView.swift */,
				D9D7E7F62441D8D40030643A /* ScaleImagesView.swift */,
				D9D7E7F82441D9D90030643A /* TileImagesView.swift */,
				D93185A6244395420050F059 /* DisableOverlaycolorForImagesView.swift */,
				D9D866F624A38857005C2E4B /* TintView.swift */,
				D9D866F824A3889D005C2E4B /* SaturationView.swift */,
				D9D866FA24A388D7005C2E4B /* ContrastView.swift */,
			);
			path = Images;
			sourceTree = "<group>";
		};
		D9D7E7FA2441DB000030643A /* Gradient */ = {
			isa = PBXGroup;
			children = (
				D9D7E7FB2441DB1F0030643A /* RenderGradientView.swift */,
			);
			path = Gradient;
			sourceTree = "<group>";
		};
		D9D7E7FD2442173E0030643A /* Shapes */ = {
			isa = PBXGroup;
			children = (
				D9D7E7FE244217520030643A /* SolidShapesView.swift */,
			);
			path = Shapes;
			sourceTree = "<group>";
		};
		D9D7E800244219760030643A /* Backgrounds */ = {
			isa = PBXGroup;
			children = (
				D9D7E801244219960030643A /* BackgroundsViews.swift */,
			);
			path = Backgrounds;
			sourceTree = "<group>";
		};
		D9D7E80324421B640030643A /* StacksView */ = {
			isa = PBXGroup;
			children = (
				D9D7E80424421B940030643A /* AlignmentStacksView.swift */,
				D9318582244223770050F059 /* ZStacksView.swift */,
			);
			path = StacksView;
			sourceTree = "<group>";
		};
		D9D866F324A34D22005C2E4B /* Blend */ = {
			isa = PBXGroup;
			children = (
				D9D866F424A34D45005C2E4B /* BlendView.swift */,
			);
			path = Blend;
			sourceTree = "<group>";
		};
/* End PBXGroup section */

/* Begin PBXNativeTarget section */
		D9D7E7D62441CBF80030643A /* playWithSwiftUIControls */ = {
			isa = PBXNativeTarget;
			buildConfigurationList = D9D7E7EB2441CBFC0030643A /* Build configuration list for PBXNativeTarget "playWithSwiftUIControls" */;
			buildPhases = (
				D9D7E7D32441CBF80030643A /* Sources */,
				D9D7E7D42441CBF80030643A /* Frameworks */,
				D9D7E7D52441CBF80030643A /* Resources */,
			);
			buildRules = (
			);
			dependencies = (
			);
			name = playWithSwiftUIControls;
			productName = playWithSwiftUIControls;
			productReference = D9D7E7D72441CBF80030643A /* playWithSwiftUIControls.app */;
			productType = "com.apple.product-type.application";
		};
/* End PBXNativeTarget section */

/* Begin PBXProject section */
		D9D7E7CF2441CBF80030643A /* Project object */ = {
			isa = PBXProject;
			attributes = {
				LastSwiftUpdateCheck = 1140;
				LastUpgradeCheck = 1140;
				ORGANIZATIONNAME = Mandaleo;
				TargetAttributes = {
					D9D7E7D62441CBF80030643A = {
						CreatedOnToolsVersion = 11.4;
					};
				};
			};
			buildConfigurationList = D9D7E7D22441CBF80030643A /* Build configuration list for PBXProject "playWithSwiftUIControls" */;
			compatibilityVersion = "Xcode 9.3";
			developmentRegion = en;
			hasScannedForEncodings = 0;
			knownRegions = (
				en,
				Base,
			);
			mainGroup = D9D7E7CE2441CBF80030643A;
			productRefGroup = D9D7E7D82441CBF80030643A /* Products */;
			projectDirPath = "";
			projectRoot = "";
			targets = (
				D9D7E7D62441CBF80030643A /* playWithSwiftUIControls */,
			);
		};
/* End PBXProject section */

/* Begin PBXResourcesBuildPhase section */
		D9D7E7D52441CBF80030643A /* Resources */ = {
			isa = PBXResourcesBuildPhase;
			buildActionMask = 2147483647;
			files = (
				D9D7E7E72441CBFC0030643A /* LaunchScreen.storyboard in Resources */,
				D9D7E7E42441CBFC0030643A /* Preview Assets.xcassets in Resources */,
				D9D7E7E12441CBFC0030643A /* Assets.xcassets in Resources */,
			);
			runOnlyForDeploymentPostprocessing = 0;
		};
/* End PBXResourcesBuildPhase section */

/* Begin PBXSourcesBuildPhase section */
		D9D7E7D32441CBF80030643A /* Sources */ = {
			isa = PBXSourcesBuildPhase;
			buildActionMask = 2147483647;
			files = (
				D9950FC6245C6FAC00ECB35E /* BasicFormView.swift in Sources */,
				D93185C22444C3FA0050F059 /* TapGestureView.swift in Sources */,
				D9950FE3245C7B2C00ECB35E /* GroupView.swift in Sources */,
				D9AACE632454C16100A86585 /* Restaurant.swift in Sources */,
				D9D7E7FF244217520030643A /* SolidShapesView.swift in Sources */,
				D9D7E7FC2441DB1F0030643A /* RenderGradientView.swift in Sources */,
				D908C3752495166F003189AD /* OpacityView.swift in Sources */,
				D908C37B2495181C003189AD /* MaskViewWithAnotherView.swift in Sources */,
				D93186062454BECA0050F059 /* RestaurantStaticRow.swift in Sources */,
				D93185CE2444CA7B0050F059 /* DisableTapsView.swift in Sources */,
				D931858124421E7D0050F059 /* SpacersView.swift in Sources */,
				D9950FE0245C7A2600ECB35E /* EmbedViewsInTabView.swift in Sources */,
				D93185A2244392D00050F059 /* ToggleSwitchView.swift in Sources */,
				D92A5FF6245F371000A23545 /* DetailDismissItselfWithPresentationModeView.swift in Sources */,
				D9D7E80824421CED0030643A /* PaddingsView.swift in Sources */,
				D908C36F249513E2003189AD /* ScaleView.swift in Sources */,
				D93185B62444BF030050F059 /* ReadFromPicker.swift in Sources */,
				D92A6009245F45F700A23545 /* DrawBorderAroundView.swift in Sources */,
				D9D866F524A34D45005C2E4B /* BlendView.swift in Sources */,
				D908C36924951097003189AD /* RotationEffectView.swift in Sources */,
				D9D7E7F52441D54E0030643A /* DrawImagesView.swift in Sources */,
				D9318586244226120050F059 /* ReturDifferentsTypesView.swift in Sources */,
				D908C37E249518AC003189AD /* BlurView.swift in Sources */,
				D9AACE612454C14000A86585 /* RestaurantDynamicView.swift in Sources */,
				D9950FE6245C7D0900ECB35E /* HideStatusBarView.swift in Sources */,
				D93185C42444C5A00050F059 /* ModifyTappableAreaOfGestureView.swift in Sources */,
				D9950FDC245C78F500ECB35E /* AddBarItemsInNavigationView.swift in Sources */,
				D9D7E80524421B940030643A /* AlignmentStacksView.swift in Sources */,
				D9950FB0245C2C7300ECB35E /* RemoveItemsListView.swift in Sources */,
				D93185AA244396F70050F059 /* ReadTextFieldView.swift in Sources */,
				D9D7E7DB2441CBF80030643A /* AppDelegate.swift in Sources */,
				D9950FCE245C72DA00ECB35E /* PickersInFormsView.swift in Sources */,
				D93185BF2444C2F90050F059 /* ReadFromStepper.swift in Sources */,
				D93185CC2444CA0A0050F059 /* HideLabelsInPickersViews.swift in Sources */,
				D931858C24422CC30050F059 /* CustomFrameView.swift in Sources */,
				D908C36C249511FA003189AD /* Rotation3DEffectView.swift in Sources */,
				D931859A244246900050F059 /* DragGestureView.swift in Sources */,
				D9950FD4245C758700ECB35E /* HideRowsInFormView.swift in Sources */,
				D9950FEE245C806700ECB35E /* MultipleAlertsView.swift in Sources */,
				D9950FBB245C31EB00ECB35E /* GroupedListView.swift in Sources */,
				D931858A24422B370050F059 /* DifferentsLayoutUsingSizeClasses.swift in Sources */,
				D93185B92444C0230050F059 /* ReadFromDatePicker.swift in Sources */,
				D93185A7244395420050F059 /* DisableOverlaycolorForImagesView.swift in Sources */,
				D93186032454BE990050F059 /* ListStaticItemsView.swift in Sources */,
				D9950FF1245C81C000ECB35E /* AddActionInAlertView.swift in Sources */,
				D9D866F724A38857005C2E4B /* TintView.swift in Sources */,
				D9D7E7F02441CFCE0030643A /* TruncateTextsViews.swift in Sources */,
				D9950FF5245C82A200ECB35E /* ShowActionSheetView.swift in Sources */,
				D9318595244238C00050F059 /* HorizontalScrollView.swift in Sources */,
				D9D7E7F72441D8D40030643A /* ScaleImagesView.swift in Sources */,
				D9D7E7DD2441CBF80030643A /* SceneDelegate.swift in Sources */,
				D93185C62444C6930050F059 /* AddingGesturesView.swift in Sources */,
				D93920F3245F33BB00F4C7DC /* RestaurantFakeView.swift in Sources */,
				D93920EA245F31E600F4C7DC /* PushTapInListview.swift in Sources */,
				D9950FF8245C841400ECB35E /* AddContextMenuView.swift in Sources */,
				D9950FB8245C315300ECB35E /* TaskRow.swift in Sources */,
				D9D866F924A3889D005C2E4B /* SaturationView.swift in Sources */,
				D92A5FFC245F387F00A23545 /* DetailDismissItselfWithBindingView.swift in Sources */,
				D9950FCB245C711E00ECB35E /* FormWithSectionsView.swift in Sources */,
				D9950FD1245C746300ECB35E /* DisablingElementsInFormView.swift in Sources */,
				D92A5FF3245F36D000A23545 /* DismissItselfWithPresentationModeView.swift in Sources */,
				D931858E24422DFD0050F059 /* GeometryReaderView.swift in Sources */,
				D92A600D245F496000A23545 /* DrawBorderInsideView.swift in Sources */,
				D93185902442311F0050F059 /* IgnoreSafeAreaView.swift in Sources */,
				D9318588244227860050F059 /* ForEachOfCreateView.swift in Sources */,
				D9950FB3245C2DD700ECB35E /* MoveItemsListview.swift in Sources */,
				D9D7E802244219960030643A /* BackgroundsViews.swift in Sources */,
				D93185932442385B0050F059 /* VerticalScrollView.swift in Sources */,
				D92A6006245F445F00A23545 /* StackModifiersView.swift in Sources */,
				D9950FD9245C77C500ECB35E /* EmbedViewInNavigationView.swift in Sources */,
				D908C36224950CC5003189AD /* DrawShadowAroundView.swift in Sources */,
				D931859824423A760050F059 /* CoverFlowEffectView.swift in Sources */,
				D93920F1245F324400F4C7DC /* RestaurantRowView.swift in Sources */,
				D9D7E7F22441D08D0030643A /* StyleTextsViews.swift in Sources */,
				D93920E7245F30A200F4C7DC /* PushInNavigationView.swift in Sources */,
				D93185C92444C8B70050F059 /* LifeCycleView.swift in Sources */,
				D9950FEB245C7E0D00ECB35E /* ShowAlertview.swift in Sources */,
				D9950FB6245C30ED00ECB35E /* AddSectionsListView.swift in Sources */,
				D9950FC0245C331500ECB35E /* BackGroundColorOfRowsView.swift in Sources */,
				D93185BC2444C1E70050F059 /* ReadFromSegmentControl.swift in Sources */,
				D908C378249516BF003189AD /* AccentColorView.swift in Sources */,
				D9AACE652454C21500A86585 /* ListDynamicsItemsView.swift in Sources */,
				D93920F8245F350C00F4C7DC /* PresentSheetDetailView.swift in Sources */,
				D92A5FF9245F386D00A23545 /* DismissItselfWithBindingView.swift in Sources */,
				D92A6000245F3BD300A23545 /* AdjustPositionWithOffsetView.swift in Sources */,
				D908C36524950EB4003189AD /* ClipView.swift in Sources */,
				D9D7E7F92441D9D90030643A /* TileImagesView.swift in Sources */,
				D93920ED245F321900F4C7DC /* RestaurantFake.swift in Sources */,
				D9318583244223770050F059 /* ZStacksView.swift in Sources */,
				D9D7E7DF2441CBF80030643A /* ContentView.swift in Sources */,
				D9D866FB24A388D7005C2E4B /* ContrastView.swift in Sources */,
				D931859D24438E5C0050F059 /* GridStackView.swift in Sources */,
				D908C37224951604003189AD /* RoundCornerView.swift in Sources */,
				D93185AD2443985F0050F059 /* TextFieldBorderedView.swift in Sources */,
				D93185A5244393DB0050F059 /* TappableButtonView.swift in Sources */,
				D93920F6245F34ED00F4C7DC /* PresentWithSheetView.swift in Sources */,
				D93185AF244398A60050F059 /* SecureTextFieldView.swift in Sources */,
				D9950FBD245C320000ECB35E /* GroupedExampleRow.swift in Sources */,
				D92A6003245F3D5900A23545 /* ColorPaddingOfView.swift in Sources */,
				D93185B32444BD850050F059 /* ReadSliderView.swift in Sources */,
				D9950FC3245C344400ECB35E /* ImplicitStackingListView.swift in Sources */,
			);
			runOnlyForDeploymentPostprocessing = 0;
		};
/* End PBXSourcesBuildPhase section */

/* Begin PBXVariantGroup section */
		D9D7E7E52441CBFC0030643A /* LaunchScreen.storyboard */ = {
			isa = PBXVariantGroup;
			children = (
				D9D7E7E62441CBFC0030643A /* Base */,
			);
			name = LaunchScreen.storyboard;
			sourceTree = "<group>";
		};
/* End PBXVariantGroup section */

/* Begin XCBuildConfiguration section */
		D9D7E7E92441CBFC0030643A /* Debug */ = {
			isa = XCBuildConfiguration;
			buildSettings = {
				ALWAYS_SEARCH_USER_PATHS = NO;
				CLANG_ANALYZER_NONNULL = YES;
				CLANG_ANALYZER_NUMBER_OBJECT_CONVERSION = YES_AGGRESSIVE;
				CLANG_CXX_LANGUAGE_STANDARD = "gnu++14";
				CLANG_CXX_LIBRARY = "libc++";
				CLANG_ENABLE_MODULES = YES;
				CLANG_ENABLE_OBJC_ARC = YES;
				CLANG_ENABLE_OBJC_WEAK = YES;
				CLANG_WARN_BLOCK_CAPTURE_AUTORELEASING = YES;
				CLANG_WARN_BOOL_CONVERSION = YES;
				CLANG_WARN_COMMA = YES;
				CLANG_WARN_CONSTANT_CONVERSION = YES;
				CLANG_WARN_DEPRECATED_OBJC_IMPLEMENTATIONS = YES;
				CLANG_WARN_DIRECT_OBJC_ISA_USAGE = YES_ERROR;
				CLANG_WARN_DOCUMENTATION_COMMENTS = YES;
				CLANG_WARN_EMPTY_BODY = YES;
				CLANG_WARN_ENUM_CONVERSION = YES;
				CLANG_WARN_INFINITE_RECURSION = YES;
				CLANG_WARN_INT_CONVERSION = YES;
				CLANG_WARN_NON_LITERAL_NULL_CONVERSION = YES;
				CLANG_WARN_OBJC_IMPLICIT_RETAIN_SELF = YES;
				CLANG_WARN_OBJC_LITERAL_CONVERSION = YES;
				CLANG_WARN_OBJC_ROOT_CLASS = YES_ERROR;
				CLANG_WARN_RANGE_LOOP_ANALYSIS = YES;
				CLANG_WARN_STRICT_PROTOTYPES = YES;
				CLANG_WARN_SUSPICIOUS_MOVE = YES;
				CLANG_WARN_UNGUARDED_AVAILABILITY = YES_AGGRESSIVE;
				CLANG_WARN_UNREACHABLE_CODE = YES;
				CLANG_WARN__DUPLICATE_METHOD_MATCH = YES;
				COPY_PHASE_STRIP = NO;
				DEBUG_INFORMATION_FORMAT = dwarf;
				ENABLE_STRICT_OBJC_MSGSEND = YES;
				ENABLE_TESTABILITY = YES;
				GCC_C_LANGUAGE_STANDARD = gnu11;
				GCC_DYNAMIC_NO_PIC = NO;
				GCC_NO_COMMON_BLOCKS = YES;
				GCC_OPTIMIZATION_LEVEL = 0;
				GCC_PREPROCESSOR_DEFINITIONS = (
					"DEBUG=1",
					"$(inherited)",
				);
				GCC_WARN_64_TO_32_BIT_CONVERSION = YES;
				GCC_WARN_ABOUT_RETURN_TYPE = YES_ERROR;
				GCC_WARN_UNDECLARED_SELECTOR = YES;
				GCC_WARN_UNINITIALIZED_AUTOS = YES_AGGRESSIVE;
				GCC_WARN_UNUSED_FUNCTION = YES;
				GCC_WARN_UNUSED_VARIABLE = YES;
				IPHONEOS_DEPLOYMENT_TARGET = 13.4;
				MTL_ENABLE_DEBUG_INFO = INCLUDE_SOURCE;
				MTL_FAST_MATH = YES;
				ONLY_ACTIVE_ARCH = YES;
				SDKROOT = iphoneos;
				SWIFT_ACTIVE_COMPILATION_CONDITIONS = DEBUG;
				SWIFT_OPTIMIZATION_LEVEL = "-Onone";
			};
			name = Debug;
		};
		D9D7E7EA2441CBFC0030643A /* Release */ = {
			isa = XCBuildConfiguration;
			buildSettings = {
				ALWAYS_SEARCH_USER_PATHS = NO;
				CLANG_ANALYZER_NONNULL = YES;
				CLANG_ANALYZER_NUMBER_OBJECT_CONVERSION = YES_AGGRESSIVE;
				CLANG_CXX_LANGUAGE_STANDARD = "gnu++14";
				CLANG_CXX_LIBRARY = "libc++";
				CLANG_ENABLE_MODULES = YES;
				CLANG_ENABLE_OBJC_ARC = YES;
				CLANG_ENABLE_OBJC_WEAK = YES;
				CLANG_WARN_BLOCK_CAPTURE_AUTORELEASING = YES;
				CLANG_WARN_BOOL_CONVERSION = YES;
				CLANG_WARN_COMMA = YES;
				CLANG_WARN_CONSTANT_CONVERSION = YES;
				CLANG_WARN_DEPRECATED_OBJC_IMPLEMENTATIONS = YES;
				CLANG_WARN_DIRECT_OBJC_ISA_USAGE = YES_ERROR;
				CLANG_WARN_DOCUMENTATION_COMMENTS = YES;
				CLANG_WARN_EMPTY_BODY = YES;
				CLANG_WARN_ENUM_CONVERSION = YES;
				CLANG_WARN_INFINITE_RECURSION = YES;
				CLANG_WARN_INT_CONVERSION = YES;
				CLANG_WARN_NON_LITERAL_NULL_CONVERSION = YES;
				CLANG_WARN_OBJC_IMPLICIT_RETAIN_SELF = YES;
				CLANG_WARN_OBJC_LITERAL_CONVERSION = YES;
				CLANG_WARN_OBJC_ROOT_CLASS = YES_ERROR;
				CLANG_WARN_RANGE_LOOP_ANALYSIS = YES;
				CLANG_WARN_STRICT_PROTOTYPES = YES;
				CLANG_WARN_SUSPICIOUS_MOVE = YES;
				CLANG_WARN_UNGUARDED_AVAILABILITY = YES_AGGRESSIVE;
				CLANG_WARN_UNREACHABLE_CODE = YES;
				CLANG_WARN__DUPLICATE_METHOD_MATCH = YES;
				COPY_PHASE_STRIP = NO;
				DEBUG_INFORMATION_FORMAT = "dwarf-with-dsym";
				ENABLE_NS_ASSERTIONS = NO;
				ENABLE_STRICT_OBJC_MSGSEND = YES;
				GCC_C_LANGUAGE_STANDARD = gnu11;
				GCC_NO_COMMON_BLOCKS = YES;
				GCC_WARN_64_TO_32_BIT_CONVERSION = YES;
				GCC_WARN_ABOUT_RETURN_TYPE = YES_ERROR;
				GCC_WARN_UNDECLARED_SELECTOR = YES;
				GCC_WARN_UNINITIALIZED_AUTOS = YES_AGGRESSIVE;
				GCC_WARN_UNUSED_FUNCTION = YES;
				GCC_WARN_UNUSED_VARIABLE = YES;
				IPHONEOS_DEPLOYMENT_TARGET = 13.4;
				MTL_ENABLE_DEBUG_INFO = NO;
				MTL_FAST_MATH = YES;
				SDKROOT = iphoneos;
				SWIFT_COMPILATION_MODE = wholemodule;
				SWIFT_OPTIMIZATION_LEVEL = "-O";
				VALIDATE_PRODUCT = YES;
			};
			name = Release;
		};
		D9D7E7EC2441CBFC0030643A /* Debug */ = {
			isa = XCBuildConfiguration;
			buildSettings = {
				ASSETCATALOG_COMPILER_APPICON_NAME = AppIcon;
				CODE_SIGN_STYLE = Automatic;
				DEVELOPMENT_ASSET_PATHS = "\"playWithSwiftUIControls/Preview Content\"";
				DEVELOPMENT_TEAM = BUS8BGZ883;
				ENABLE_PREVIEWS = YES;
				INFOPLIST_FILE = playWithSwiftUIControls/Info.plist;
				LD_RUNPATH_SEARCH_PATHS = (
					"$(inherited)",
					"@executable_path/Frameworks",
				);
				PRODUCT_BUNDLE_IDENTIFIER = com.mandaleo.playWithSwiftUIControls;
				PRODUCT_NAME = "$(TARGET_NAME)";
				SWIFT_VERSION = 5.0;
				TARGETED_DEVICE_FAMILY = "1,2";
			};
			name = Debug;
		};
		D9D7E7ED2441CBFC0030643A /* Release */ = {
			isa = XCBuildConfiguration;
			buildSettings = {
				ASSETCATALOG_COMPILER_APPICON_NAME = AppIcon;
				CODE_SIGN_STYLE = Automatic;
				DEVELOPMENT_ASSET_PATHS = "\"playWithSwiftUIControls/Preview Content\"";
				DEVELOPMENT_TEAM = BUS8BGZ883;
				ENABLE_PREVIEWS = YES;
				INFOPLIST_FILE = playWithSwiftUIControls/Info.plist;
				LD_RUNPATH_SEARCH_PATHS = (
					"$(inherited)",
					"@executable_path/Frameworks",
				);
				PRODUCT_BUNDLE_IDENTIFIER = com.mandaleo.playWithSwiftUIControls;
				PRODUCT_NAME = "$(TARGET_NAME)";
				SWIFT_VERSION = 5.0;
				TARGETED_DEVICE_FAMILY = "1,2";
			};
			name = Release;
		};
/* End XCBuildConfiguration section */

/* Begin XCConfigurationList section */
		D9D7E7D22441CBF80030643A /* Build configuration list for PBXProject "playWithSwiftUIControls" */ = {
			isa = XCConfigurationList;
			buildConfigurations = (
				D9D7E7E92441CBFC0030643A /* Debug */,
				D9D7E7EA2441CBFC0030643A /* Release */,
			);
			defaultConfigurationIsVisible = 0;
			defaultConfigurationName = Release;
		};
		D9D7E7EB2441CBFC0030643A /* Build configuration list for PBXNativeTarget "playWithSwiftUIControls" */ = {
			isa = XCConfigurationList;
			buildConfigurations = (
				D9D7E7EC2441CBFC0030643A /* Debug */,
				D9D7E7ED2441CBFC0030643A /* Release */,
			);
			defaultConfigurationIsVisible = 0;
			defaultConfigurationName = Release;
		};
/* End XCConfigurationList section */
	};
	rootObject = D9D7E7CF2441CBF80030643A /* Project object */;
}
